Microsoft Visual Studio Solution File, Format Version 9.00
# Visual Studio 2005
Project("{8BC9CEB8-8B4A-11D0-8D11-00A0C91BC942}") = "DatabaseIO", "DatabaseIO\DatabaseIO 2005.vcproj", "{71A23875-B8A3-4E11-B8E8-DE95A1CDD467}"
EndProject
Project("{8BC9CEB8-8B4A-11D0-8D11-00A0C91BC942}") = "GDALIO", "GDALIO\GDALIO 2005.vcproj", "{7FB3115D-1C5C-4C83-923D-53665C0F9AF3}"
EndProject
Project("{8BC9CEB8-8B4A-11D0-8D11-00A0C91BC942}") = "LuaLoader", "LuaLoader\LuaLoader 2005.vcproj", "{71823875-B8A3-4E11-B8E8-DE95A1CCC358}"
EndProject
Project("{8BC9CEB8-8B4A-11D0-8D11-00A0C91BC942}") = "SpawnLoader", "SpawnLoader\SpawnLoader 2005.vcproj", "{00000071-0000-0000-0000-000000000000}"
EndProject
Project("{8BC9CEB8-8B4A-11D0-8D11-00A0C91BC942}") = "StateLoader", "StateLoader\StateLoader 2005.vcproj", "{6C75FA3C-D5A4-483F-978F-845D94EA2BE1}"
EndProject
Project("{8BC9CEB8-8B4A-11D0-8D11-00A0C91BC942}") = "ParticleLoader", "ParticleLoader\ParticleLoader 2005.vcproj", "{0474CF36-BC58-445D-ABD0-94B2BCCCE5FC}"
EndProject
Project("{8BC9CEB8-8B4A-11D0-8D11-00A0C91BC942}") = "HierarchicalModelLoader", "HierarchicalModelLoader\HierarchicalModelLoader 2005.vcproj", "{00000000-0000-0000-0000-000000000000}"
EndProject
Project("{8BC9CEB8-8B4A-11D0-8D11-00A0C91BC942}") = "SoundLoader", "SoundLoader\SoundLoader 2005.vcproj", "{2F3AC751-7649-4408-8389-1C9FA141D868}"
EndProject
Project("{8BC9CEB8-8B4A-11D0-8D11-00A0C91BC942}") = "PhysicsLoader", "PhysicsLoader\PhysicsLoader 2005.vcproj", "{98EF554D-F29E-434E-AA8E-D2D00011BFB3}"
EndProject
Project("{8BC9CEB8-8B4A-11D0-8D11-00A0C91BC942}") = "GuiLoader", "GUILoader\GuiLoader 2005.vcproj", "{71823875-B8A3-4E11-B8E8-DE95A1CCC359}"
EndProject
Project("{8BC9CEB8-8B4A-11D0-8D11-00A0C91BC942}") = "ShaderEffectLoader", "ShaderEffectLoader\ShaderEffectLoader 2005.vcproj", "{00000071-0000-0000-0000-212121000000}"
EndProject
Project("{8BC9CEB8-8B4A-11D0-8D11-00A0C91BC942}") = "SplineLoader", "SplineLoader\SplineLoader 2005.vcproj", "{981BCF09-EE0B-4FC2-8A58-34D243FCFF97}"
EndProject
Project("{8BC9CEB8-8B4A-11D0-8D11-00A0C91BC942}") = "HLSLShaderLoader", "HLSLShaderLoader\HLSLShaderLoader 2005.vcproj", "{00000071-0000-0000-0000-AAAE60ADE400}"
EndProject
Project("{8BC9CEB8-8B4A-11D0-8D11-00A0C91BC942}") = "Cal3dLoader", "Cal3dLoader\Cal3dLoader 2005.vcproj", "{5BACAA7B-4438-4524-B1B8-91DE6F49504D}"
EndProject
Project("{8BC9CEB8-8B4A-11D0-8D11-00A0C91BC942}") = "ObjectCubeMapLoader", "ObjectCubeMapLoader\ObjectCubeMapLoader 2005.vcproj", "{00000071-FF00-EEBB-AA00-AAAE60ADE400}"
EndProject
Project("{8BC9CEB8-8B4A-11D0-8D11-00A0C91BC942}") = "LightmapCacheLoader", "LightmapCacheLoader\LightmapCacheLoader 2005.vcproj", "{5BA3447B-4238-1521-B1B2-913E6F59103D}"
EndProject
Project("{8BC9CEB8-8B4A-11D0-8D11-00A0C91BC942}") = "PrecacheLoader", "PrecacheLoader\PrecacheLoader 2005.vcproj", "{B21B845B-200A-4AAC-8161-41B72F75828A}"
EndProject
Project("{8BC9CEB8-8B4A-11D0-8D11-00A0C91BC942}") = "HeightMapLoader", "HeightmapLoader\HeightMapLoader 2005.vcproj", "{71823875-B8A3-4E11-B8E8-DE95A1CCC368}"
EndProject
Project("{8BC9CEB8-8B4A-11D0-8D11-00A0C91BC942}") = "TextureLoader", "TextureLoader\TextureLoader 2005.vcproj", "{71823875-B8A3-4E11-B8E8-DE95A1CCC458}"
EndProject
Project("{8BC9CEB8-8B4A-11D0-8D11-00A0C91BC942}") = "WorldLoader", "WorldLoader\WorldLoader 2005.vcproj", "{C1797D50-6021-4D72-BAE4-F7904B423103}"
EndProject
Project("{8BC9CEB8-8B4A-11D0-8D11-00A0C91BC942}") = "LanguageLoader", "LanguageLoader\LanguageLoader 2005.vcproj", "{2F4BC35A-744D-4FF7-8A19-149FD151D261}"
EndProject
Project("{8BC9CEB8-8B4A-11D0-8D11-00A0C91BC942}") = "ProjectLoadSave", "ProjectLoadSave\ProjectLoadSave 2005.vcproj", "{F5E12EFB-C659-417D-8F3A-239FD439D052}"
EndProject
Global
	GlobalSection(SourceCodeControl) = preSolution
		SccNumberOfProjects = 22
		SccProjectUniqueName0 = DatabaseIO\\DatabaseIO\u00202005.vcproj
		SccProjectName0 = Perforce\u0020Project
		SccLocalPath0 = ..
		SccProvider0 = MSSCCI:Perforce\u0020SCM
		SccProjectFilePathRelativizedFromConnection0 = LoadSavers\\DatabaseIO\\
		SccProjectUniqueName1 = GDALIO\\GDALIO\u00202005.vcproj
		SccProjectName1 = Perforce\u0020Project
		SccLocalPath1 = GDALIO
		SccProvider1 = MSSCCI:Perforce\u0020SCM
		SccProjectUniqueName2 = GUILoader\\GuiLoader\u00202005.vcproj
		SccProjectName2 = Perforce\u0020Project
		SccLocalPath2 = GUILoader
		SccProvider2 = MSSCCI:Perforce\u0020SCM
		SccProjectUniqueName3 = HLSLShaderLoader\\HLSLShaderLoader\u00202005.vcproj
		SccProjectName3 = Perforce\u0020Project
		SccLocalPath3 = HLSLShaderLoader
		SccProvider3 = MSSCCI:Perforce\u0020SCM
		SccProjectUniqueName4 = LuaLoader\\LuaLoader\u00202005.vcproj
		SccProjectName4 = Perforce\u0020Project
		SccLocalPath4 = LuaLoader
		SccProvider4 = MSSCCI:Perforce\u0020SCM
		SccProjectUniqueName5 = ObjectCubeMapLoader\\ObjectCubeMapLoader\u00202005.vcproj
		SccProjectName5 = Perforce\u0020Project
		SccLocalPath5 = ObjectCubeMapLoader
		SccProvider5 = MSSCCI:Perforce\u0020SCM
		SccProjectUniqueName6 = ParticleLoader\\ParticleLoader\u00202005.vcproj
		SccProjectName6 = Perforce\u0020Project
		SccLocalPath6 = ParticleLoader
		SccProvider6 = MSSCCI:Perforce\u0020SCM
		SccProjectUniqueName7 = PhysicsLoader\\PhysicsLoader\u00202005.vcproj
		SccProjectName7 = Perforce\u0020Project
		SccLocalPath7 = PhysicsLoader
		SccProvider7 = MSSCCI:Perforce\u0020SCM
		SccProjectUniqueName8 = PrecacheLoader\\PrecacheLoader\u00202005.vcproj
		SccProjectName8 = Perforce\u0020Project
		SccLocalPath8 = PrecacheLoader
		SccProvider8 = MSSCCI:Perforce\u0020SCM
		SccProjectUniqueName9 = ShaderEffectLoader\\ShaderEffectLoader\u00202005.vcproj
		SccProjectName9 = Perforce\u0020Project
		SccLocalPath9 = ShaderEffectLoader
		SccProvider9 = MSSCCI:Perforce\u0020SCM
		SccProjectUniqueName10 = SoundLoader\\SoundLoader\u00202005.vcproj
		SccProjectName10 = Perforce\u0020Project
		SccLocalPath10 = SoundLoader
		SccProvider10 = MSSCCI:Perforce\u0020SCM
		SccProjectUniqueName11 = SplineLoader\\SplineLoader\u00202005.vcproj
		SccProjectName11 = Perforce\u0020Project
		SccLocalPath11 = SplineLoader
		SccProvider11 = MSSCCI:Perforce\u0020SCM
		SccProjectUniqueName12 = StateLoader\\StateLoader\u00202005.vcproj
		SccProjectName12 = Perforce\u0020Project
		SccLocalPath12 = StateLoader
		SccProvider12 = MSSCCI:Perforce\u0020SCM
		SccProjectUniqueName13 = HierarchicalModelLoader\\HierarchicalModelLoader\u00202005.vcproj
		SccProjectName13 = Perforce\u0020Project
		SccLocalPath13 = HierarchicalModelLoader
		SccProvider13 = MSSCCI:Perforce\u0020SCM
		SccProjectUniqueName14 = SpawnLoader\\SpawnLoader\u00202005.vcproj
		SccProjectName14 = Perforce\u0020Project
		SccLocalPath14 = SpawnLoader
		SccProvider14 = MSSCCI:Perforce\u0020SCM
		SccProjectUniqueName15 = Cal3dLoader\\Cal3dLoader\u00202005.vcproj
		SccProjectName15 = Perforce\u0020Project
		SccLocalPath15 = Cal3dLoader
		SccProvider15 = MSSCCI:Perforce\u0020SCM
		SccProjectUniqueName16 = LightmapCacheLoader\\LightmapCacheLoader\u00202005.vcproj
		SccProjectName16 = Perforce\u0020Project
		SccLocalPath16 = ..
		SccProvider16 = MSSCCI:Perforce\u0020SCM
		SccProjectFilePathRelativizedFromConnection16 = LoadSavers\\LightmapCacheLoader\\
		SccProjectUniqueName17 = HeightmapLoader\\HeightMapLoader\u00202005.vcproj
		SccProjectName17 = Perforce\u0020Project
		SccLocalPath17 = HeightmapLoader
		SccProvider17 = MSSCCI:Perforce\u0020SCM
		SccProjectUniqueName18 = TextureLoader\\TextureLoader\u00202005.vcproj
		SccProjectName18 = Perforce\u0020Project
		SccLocalPath18 = TextureLoader
		SccProvider18 = MSSCCI:Perforce\u0020SCM
		SccProjectUniqueName19 = WorldLoader\\WorldLoader\u00202005.vcproj
		SccProjectName19 = Perforce\u0020Project
		SccLocalPath19 = WorldLoader
		SccProvider19 = MSSCCI:Perforce\u0020SCM
		SccProjectUniqueName20 = LanguageLoader\\LanguageLoader\u00202005.vcproj
		SccProjectName20 = Perforce\u0020Project
		SccLocalPath20 = ..
		SccProvider20 = MSSCCI:Perforce\u0020SCM
		SccProjectFilePathRelativizedFromConnection20 = LoadSavers\\LanguageLoader\\
		SccProjectUniqueName21 = ProjectLoadSave\\ProjectLoadSave\u00202005.vcproj
		SccProjectName21 = Perforce\u0020Project
		SccLocalPath21 = ProjectLoadSave
		SccProvider21 = MSSCCI:Perforce\u0020SCM
	EndGlobalSection
	GlobalSection(SolutionConfigurationPlatforms) = preSolution
		Debug|Win32 = Debug|Win32
		Debug|Xbox 360 = Debug|Xbox 360
		Profile|Win32 = Profile|Win32
		Profile|Xbox 360 = Profile|Xbox 360
		Release|Win32 = Release|Win32
		Release|Xbox 360 = Release|Xbox 360
	EndGlobalSection
	GlobalSection(ProjectConfigurationPlatforms) = postSolution
		{71A23875-B8A3-4E11-B8E8-DE95A1CDD467}.Debug|Win32.ActiveCfg = Debug|Win32
		{71A23875-B8A3-4E11-B8E8-DE95A1CDD467}.Debug|Win32.Build.0 = Debug|Win32
		{71A23875-B8A3-4E11-B8E8-DE95A1CDD467}.Debug|Xbox 360.ActiveCfg = Debug|Xbox 360
		{71A23875-B8A3-4E11-B8E8-DE95A1CDD467}.Debug|Xbox 360.Build.0 = Debug|Xbox 360
		{71A23875-B8A3-4E11-B8E8-DE95A1CDD467}.Profile|Win32.ActiveCfg = Profile|Win32
		{71A23875-B8A3-4E11-B8E8-DE95A1CDD467}.Profile|Win32.Build.0 = Profile|Win32
		{71A23875-B8A3-4E11-B8E8-DE95A1CDD467}.Profile|Xbox 360.ActiveCfg = Profile|Xbox 360
		{71A23875-B8A3-4E11-B8E8-DE95A1CDD467}.Profile|Xbox 360.Build.0 = Profile|Xbox 360
		{71A23875-B8A3-4E11-B8E8-DE95A1CDD467}.Release|Win32.ActiveCfg = Release|Win32
		{71A23875-B8A3-4E11-B8E8-DE95A1CDD467}.Release|Win32.Build.0 = Release|Win32
		{71A23875-B8A3-4E11-B8E8-DE95A1CDD467}.Release|Xbox 360.ActiveCfg = Release|Xbox 360
		{71A23875-B8A3-4E11-B8E8-DE95A1CDD467}.Release|Xbox 360.Build.0 = Release|Xbox 360
		{7FB3115D-1C5C-4C83-923D-53665C0F9AF3}.Debug|Win32.ActiveCfg = Debug|Win32
		{7FB3115D-1C5C-4C83-923D-53665C0F9AF3}.Debug|Win32.Build.0 = Debug|Win32
		{7FB3115D-1C5C-4C83-923D-53665C0F9AF3}.Debug|Xbox 360.ActiveCfg = Debug|Xbox 360
		{7FB3115D-1C5C-4C83-923D-53665C0F9AF3}.Debug|Xbox 360.Build.0 = Debug|Xbox 360
		{7FB3115D-1C5C-4C83-923D-53665C0F9AF3}.Profile|Win32.ActiveCfg = Profile|Win32
		{7FB3115D-1C5C-4C83-923D-53665C0F9AF3}.Profile|Win32.Build.0 = Profile|Win32
		{7FB3115D-1C5C-4C83-923D-53665C0F9AF3}.Profile|Xbox 360.ActiveCfg = Profile|Xbox 360
		{7FB3115D-1C5C-4C83-923D-53665C0F9AF3}.Profile|Xbox 360.Build.0 = Profile|Xbox 360
		{7FB3115D-1C5C-4C83-923D-53665C0F9AF3}.Release|Win32.ActiveCfg = Release|Win32
		{7FB3115D-1C5C-4C83-923D-53665C0F9AF3}.Release|Win32.Build.0 = Release|Win32
		{7FB3115D-1C5C-4C83-923D-53665C0F9AF3}.Release|Xbox 360.ActiveCfg = Release|Xbox 360
		{7FB3115D-1C5C-4C83-923D-53665C0F9AF3}.Release|Xbox 360.Build.0 = Release|Xbox 360
		{71823875-B8A3-4E11-B8E8-DE95A1CCC358}.Debug|Win32.ActiveCfg = Debug|Win32
		{71823875-B8A3-4E11-B8E8-DE95A1CCC358}.Debug|Win32.Build.0 = Debug|Win32
		{71823875-B8A3-4E11-B8E8-DE95A1CCC358}.Debug|Xbox 360.ActiveCfg = Debug|Xbox 360
		{71823875-B8A3-4E11-B8E8-DE95A1CCC358}.Debug|Xbox 360.Build.0 = Debug|Xbox 360
		{71823875-B8A3-4E11-B8E8-DE95A1CCC358}.Profile|Win32.ActiveCfg = Profile|Win32
		{71823875-B8A3-4E11-B8E8-DE95A1CCC358}.Profile|Win32.Build.0 = Profile|Win32
		{71823875-B8A3-4E11-B8E8-DE95A1CCC358}.Profile|Xbox 360.ActiveCfg = Profile|Xbox 360
		{71823875-B8A3-4E11-B8E8-DE95A1CCC358}.Profile|Xbox 360.Build.0 = Profile|Xbox 360
		{71823875-B8A3-4E11-B8E8-DE95A1CCC358}.Release|Win32.ActiveCfg = Release|Win32
		{71823875-B8A3-4E11-B8E8-DE95A1CCC358}.Release|Win32.Build.0 = Release|Win32
		{71823875-B8A3-4E11-B8E8-DE95A1CCC358}.Release|Xbox 360.ActiveCfg = Release|Xbox 360
		{71823875-B8A3-4E11-B8E8-DE95A1CCC358}.Release|Xbox 360.Build.0 = Release|Xbox 360
		{00000071-0000-0000-0000-000000000000}.Debug|Win32.ActiveCfg = Debug|Win32
		{00000071-0000-0000-0000-000000000000}.Debug|Win32.Build.0 = Debug|Win32
		{00000071-0000-0000-0000-000000000000}.Debug|Xbox 360.ActiveCfg = Debug|Xbox 360
		{00000071-0000-0000-0000-000000000000}.Debug|Xbox 360.Build.0 = Debug|Xbox 360
		{00000071-0000-0000-0000-000000000000}.Profile|Win32.ActiveCfg = Profile|Win32
		{00000071-0000-0000-0000-000000000000}.Profile|Win32.Build.0 = Profile|Win32
		{00000071-0000-0000-0000-000000000000}.Profile|Xbox 360.ActiveCfg = Profile|Xbox 360
		{00000071-0000-0000-0000-000000000000}.Profile|Xbox 360.Build.0 = Profile|Xbox 360
		{00000071-0000-0000-0000-000000000000}.Release|Win32.ActiveCfg = Release|Win32
		{00000071-0000-0000-0000-000000000000}.Release|Win32.Build.0 = Release|Win32
		{00000071-0000-0000-0000-000000000000}.Release|Xbox 360.ActiveCfg = Release|Xbox 360
		{00000071-0000-0000-0000-000000000000}.Release|Xbox 360.Build.0 = Release|Xbox 360
		{6C75FA3C-D5A4-483F-978F-845D94EA2BE1}.Debug|Win32.ActiveCfg = Debug|Win32
		{6C75FA3C-D5A4-483F-978F-845D94EA2BE1}.Debug|Win32.Build.0 = Debug|Win32
		{6C75FA3C-D5A4-483F-978F-845D94EA2BE1}.Debug|Xbox 360.ActiveCfg = Debug|Xbox 360
		{6C75FA3C-D5A4-483F-978F-845D94EA2BE1}.Debug|Xbox 360.Build.0 = Debug|Xbox 360
		{6C75FA3C-D5A4-483F-978F-845D94EA2BE1}.Profile|Win32.ActiveCfg = Profile|Win32
		{6C75FA3C-D5A4-483F-978F-845D94EA2BE1}.Profile|Win32.Build.0 = Profile|Win32
		{6C75FA3C-D5A4-483F-978F-845D94EA2BE1}.Profile|Xbox 360.ActiveCfg = Profile|Xbox 360
		{6C75FA3C-D5A4-483F-978F-845D94EA2BE1}.Profile|Xbox 360.Build.0 = Profile|Xbox 360
		{6C75FA3C-D5A4-483F-978F-845D94EA2BE1}.Release|Win32.ActiveCfg = Release|Win32
		{6C75FA3C-D5A4-483F-978F-845D94EA2BE1}.Release|Win32.Build.0 = Release|Win32
		{6C75FA3C-D5A4-483F-978F-845D94EA2BE1}.Release|Xbox 360.ActiveCfg = Release|Xbox 360
		{6C75FA3C-D5A4-483F-978F-845D94EA2BE1}.Release|Xbox 360.Build.0 = Release|Xbox 360
		{0474CF36-BC58-445D-ABD0-94B2BCCCE5FC}.Debug|Win32.ActiveCfg = Debug|Win32
		{0474CF36-BC58-445D-ABD0-94B2BCCCE5FC}.Debug|Win32.Build.0 = Debug|Win32
		{0474CF36-BC58-445D-ABD0-94B2BCCCE5FC}.Debug|Xbox 360.ActiveCfg = Debug|Xbox 360
		{0474CF36-BC58-445D-ABD0-94B2BCCCE5FC}.Debug|Xbox 360.Build.0 = Debug|Xbox 360
		{0474CF36-BC58-445D-ABD0-94B2BCCCE5FC}.Profile|Win32.ActiveCfg = Profile|Win32
		{0474CF36-BC58-445D-ABD0-94B2BCCCE5FC}.Profile|Win32.Build.0 = Profile|Win32
		{0474CF36-BC58-445D-ABD0-94B2BCCCE5FC}.Profile|Xbox 360.ActiveCfg = Profile|Xbox 360
		{0474CF36-BC58-445D-ABD0-94B2BCCCE5FC}.Profile|Xbox 360.Build.0 = Profile|Xbox 360
		{0474CF36-BC58-445D-ABD0-94B2BCCCE5FC}.Release|Win32.ActiveCfg = Release|Win32
		{0474CF36-BC58-445D-ABD0-94B2BCCCE5FC}.Release|Win32.Build.0 = Release|Win32
		{0474CF36-BC58-445D-ABD0-94B2BCCCE5FC}.Release|Xbox 360.ActiveCfg = Release|Xbox 360
		{0474CF36-BC58-445D-ABD0-94B2BCCCE5FC}.Release|Xbox 360.Build.0 = Release|Xbox 360
		{00000000-0000-0000-0000-000000000000}.Debug|Win32.ActiveCfg = Debug|Win32
		{00000000-0000-0000-0000-000000000000}.Debug|Win32.Build.0 = Debug|Win32
		{00000000-0000-0000-0000-000000000000}.Debug|Xbox 360.ActiveCfg = Debug|Xbox 360
		{00000000-0000-0000-0000-000000000000}.Debug|Xbox 360.Build.0 = Debug|Xbox 360
		{00000000-0000-0000-0000-000000000000}.Profile|Win32.ActiveCfg = Profile|Win32
		{00000000-0000-0000-0000-000000000000}.Profile|Win32.Build.0 = Profile|Win32
		{00000000-0000-0000-0000-000000000000}.Profile|Xbox 360.ActiveCfg = Profile|Xbox 360
		{00000000-0000-0000-0000-000000000000}.Profile|Xbox 360.Build.0 = Profile|Xbox 360
		{00000000-0000-0000-0000-000000000000}.Release|Win32.ActiveCfg = Release|Win32
		{00000000-0000-0000-0000-000000000000}.Release|Win32.Build.0 = Release|Win32
		{00000000-0000-0000-0000-000000000000}.Release|Xbox 360.ActiveCfg = Release|Xbox 360
		{00000000-0000-0000-0000-000000000000}.Release|Xbox 360.Build.0 = Release|Xbox 360
		{2F3AC751-7649-4408-8389-1C9FA141D868}.Debug|Win32.ActiveCfg = Debug|Win32
		{2F3AC751-7649-4408-8389-1C9FA141D868}.Debug|Win32.Build.0 = Debug|Win32
		{2F3AC751-7649-4408-8389-1C9FA141D868}.Debug|Xbox 360.ActiveCfg = Debug|Xbox 360
		{2F3AC751-7649-4408-8389-1C9FA141D868}.Debug|Xbox 360.Build.0 = Debug|Xbox 360
		{2F3AC751-7649-4408-8389-1C9FA141D868}.Profile|Win32.ActiveCfg = Profile|Win32
		{2F3AC751-7649-4408-8389-1C9FA141D868}.Profile|Win32.Build.0 = Profile|Win32
		{2F3AC751-7649-4408-8389-1C9FA141D868}.Profile|Xbox 360.ActiveCfg = Profile|Xbox 360
		{2F3AC751-7649-4408-8389-1C9FA141D868}.Profile|Xbox 360.Build.0 = Profile|Xbox 360
		{2F3AC751-7649-4408-8389-1C9FA141D868}.Release|Win32.ActiveCfg = Release|Win32
		{2F3AC751-7649-4408-8389-1C9FA141D868}.Release|Win32.Build.0 = Release|Win32
		{2F3AC751-7649-4408-8389-1C9FA141D868}.Release|Xbox 360.ActiveCfg = Release|Xbox 360
		{2F3AC751-7649-4408-8389-1C9FA141D868}.Release|Xbox 360.Build.0 = Release|Xbox 360
		{98EF554D-F29E-434E-AA8E-D2D00011BFB3}.Debug|Win32.ActiveCfg = Debug|Win32
		{98EF554D-F29E-434E-AA8E-D2D00011BFB3}.Debug|Win32.Build.0 = Debug|Win32
		{98EF554D-F29E-434E-AA8E-D2D00011BFB3}.Debug|Xbox 360.ActiveCfg = Debug|Xbox 360
		{98EF554D-F29E-434E-AA8E-D2D00011BFB3}.Debug|Xbox 360.Build.0 = Debug|Xbox 360
		{98EF554D-F29E-434E-AA8E-D2D00011BFB3}.Profile|Win32.ActiveCfg = Profile|Win32
		{98EF554D-F29E-434E-AA8E-D2D00011BFB3}.Profile|Win32.Build.0 = Profile|Win32
		{98EF554D-F29E-434E-AA8E-D2D00011BFB3}.Profile|Xbox 360.ActiveCfg = Profile|Xbox 360
		{98EF554D-F29E-434E-AA8E-D2D00011BFB3}.Profile|Xbox 360.Build.0 = Profile|Xbox 360
		{98EF554D-F29E-434E-AA8E-D2D00011BFB3}.Release|Win32.ActiveCfg = Release|Win32
		{98EF554D-F29E-434E-AA8E-D2D00011BFB3}.Release|Win32.Build.0 = Release|Win32
		{98EF554D-F29E-434E-AA8E-D2D00011BFB3}.Release|Xbox 360.ActiveCfg = Release|Xbox 360
		{98EF554D-F29E-434E-AA8E-D2D00011BFB3}.Release|Xbox 360.Build.0 = Release|Xbox 360
		{71823875-B8A3-4E11-B8E8-DE95A1CCC359}.Debug|Win32.ActiveCfg = Debug|Win32
		{71823875-B8A3-4E11-B8E8-DE95A1CCC359}.Debug|Win32.Build.0 = Debug|Win32
		{71823875-B8A3-4E11-B8E8-DE95A1CCC359}.Debug|Xbox 360.ActiveCfg = Debug|Xbox 360
		{71823875-B8A3-4E11-B8E8-DE95A1CCC359}.Debug|Xbox 360.Build.0 = Debug|Xbox 360
		{71823875-B8A3-4E11-B8E8-DE95A1CCC359}.Profile|Win32.ActiveCfg = Profile|Win32
		{71823875-B8A3-4E11-B8E8-DE95A1CCC359}.Profile|Win32.Build.0 = Profile|Win32
		{71823875-B8A3-4E11-B8E8-DE95A1CCC359}.Profile|Xbox 360.ActiveCfg = Profile|Xbox 360
		{71823875-B8A3-4E11-B8E8-DE95A1CCC359}.Profile|Xbox 360.Build.0 = Profile|Xbox 360
		{71823875-B8A3-4E11-B8E8-DE95A1CCC359}.Release|Win32.ActiveCfg = Release|Win32
		{71823875-B8A3-4E11-B8E8-DE95A1CCC359}.Release|Win32.Build.0 = Release|Win32
		{71823875-B8A3-4E11-B8E8-DE95A1CCC359}.Release|Xbox 360.ActiveCfg = Release|Xbox 360
		{71823875-B8A3-4E11-B8E8-DE95A1CCC359}.Release|Xbox 360.Build.0 = Release|Xbox 360
		{00000071-0000-0000-0000-212121000000}.Debug|Win32.ActiveCfg = Debug|Win32
		{00000071-0000-0000-0000-212121000000}.Debug|Win32.Build.0 = Debug|Win32
		{00000071-0000-0000-0000-212121000000}.Debug|Xbox 360.ActiveCfg = Debug|Xbox 360
		{00000071-0000-0000-0000-212121000000}.Debug|Xbox 360.Build.0 = Debug|Xbox 360
		{00000071-0000-0000-0000-212121000000}.Profile|Win32.ActiveCfg = Profile|Win32
		{00000071-0000-0000-0000-212121000000}.Profile|Win32.Build.0 = Profile|Win32
		{00000071-0000-0000-0000-212121000000}.Profile|Xbox 360.ActiveCfg = Profile|Xbox 360
		{00000071-0000-0000-0000-212121000000}.Profile|Xbox 360.Build.0 = Profile|Xbox 360
		{00000071-0000-0000-0000-212121000000}.Release|Win32.ActiveCfg = Release|Win32
		{00000071-0000-0000-0000-212121000000}.Release|Win32.Build.0 = Release|Win32
		{00000071-0000-0000-0000-212121000000}.Release|Xbox 360.ActiveCfg = Release|Xbox 360
		{00000071-0000-0000-0000-212121000000}.Release|Xbox 360.Build.0 = Release|Xbox 360
		{981BCF09-EE0B-4FC2-8A58-34D243FCFF97}.Debug|Win32.ActiveCfg = Debug|Win32
		{981BCF09-EE0B-4FC2-8A58-34D243FCFF97}.Debug|Win32.Build.0 = Debug|Win32
		{981BCF09-EE0B-4FC2-8A58-34D243FCFF97}.Debug|Xbox 360.ActiveCfg = Debug|Xbox 360
		{981BCF09-EE0B-4FC2-8A58-34D243FCFF97}.Debug|Xbox 360.Build.0 = Debug|Xbox 360
		{981BCF09-EE0B-4FC2-8A58-34D243FCFF97}.Profile|Win32.ActiveCfg = Profile|Win32
		{981BCF09-EE0B-4FC2-8A58-34D243FCFF97}.Profile|Win32.Build.0 = Profile|Win32
		{981BCF09-EE0B-4FC2-8A58-34D243FCFF97}.Profile|Xbox 360.ActiveCfg = Profile|Xbox 360
		{981BCF09-EE0B-4FC2-8A58-34D243FCFF97}.Profile|Xbox 360.Build.0 = Profile|Xbox 360
		{981BCF09-EE0B-4FC2-8A58-34D243FCFF97}.Release|Win32.ActiveCfg = Release|Win32
		{981BCF09-EE0B-4FC2-8A58-34D243FCFF97}.Release|Win32.Build.0 = Release|Win32
		{981BCF09-EE0B-4FC2-8A58-34D243FCFF97}.Release|Xbox 360.ActiveCfg = Release|Xbox 360
		{981BCF09-EE0B-4FC2-8A58-34D243FCFF97}.Release|Xbox 360.Build.0 = Release|Xbox 360
		{00000071-0000-0000-0000-AAAE60ADE400}.Debug|Win32.ActiveCfg = Debug|Win32
		{00000071-0000-0000-0000-AAAE60ADE400}.Debug|Win32.Build.0 = Debug|Win32
		{00000071-0000-0000-0000-AAAE60ADE400}.Debug|Xbox 360.ActiveCfg = Debug|Xbox 360
		{00000071-0000-0000-0000-AAAE60ADE400}.Debug|Xbox 360.Build.0 = Debug|Xbox 360
		{00000071-0000-0000-0000-AAAE60ADE400}.Profile|Win32.ActiveCfg = Profile|Win32
		{00000071-0000-0000-0000-AAAE60ADE400}.Profile|Win32.Build.0 = Profile|Win32
		{00000071-0000-0000-0000-AAAE60ADE400}.Profile|Xbox 360.ActiveCfg = Profile|Xbox 360
		{00000071-0000-0000-0000-AAAE60ADE400}.Profile|Xbox 360.Build.0 = Profile|Xbox 360
		{00000071-0000-0000-0000-AAAE60ADE400}.Release|Win32.ActiveCfg = Release|Win32
		{00000071-0000-0000-0000-AAAE60ADE400}.Release|Win32.Build.0 = Release|Win32
		{00000071-0000-0000-0000-AAAE60ADE400}.Release|Xbox 360.ActiveCfg = Release|Xbox 360
		{00000071-0000-0000-0000-AAAE60ADE400}.Release|Xbox 360.Build.0 = Release|Xbox 360
		{5BACAA7B-4438-4524-B1B8-91DE6F49504D}.Debug|Win32.ActiveCfg = Debug|Win32
		{5BACAA7B-4438-4524-B1B8-91DE6F49504D}.Debug|Win32.Build.0 = Debug|Win32
		{5BACAA7B-4438-4524-B1B8-91DE6F49504D}.Debug|Xbox 360.ActiveCfg = Debug|Xbox 360
		{5BACAA7B-4438-4524-B1B8-91DE6F49504D}.Debug|Xbox 360.Build.0 = Debug|Xbox 360
		{5BACAA7B-4438-4524-B1B8-91DE6F49504D}.Profile|Win32.ActiveCfg = Profile|Win32
		{5BACAA7B-4438-4524-B1B8-91DE6F49504D}.Profile|Win32.Build.0 = Profile|Win32
		{5BACAA7B-4438-4524-B1B8-91DE6F49504D}.Profile|Xbox 360.ActiveCfg = Profile|Xbox 360
		{5BACAA7B-4438-4524-B1B8-91DE6F49504D}.Profile|Xbox 360.Build.0 = Profile|Xbox 360
		{5BACAA7B-4438-4524-B1B8-91DE6F49504D}.Release|Win32.ActiveCfg = Release|Win32
		{5BACAA7B-4438-4524-B1B8-91DE6F49504D}.Release|Win32.Build.0 = Release|Win32
		{5BACAA7B-4438-4524-B1B8-91DE6F49504D}.Release|Xbox 360.ActiveCfg = Release|Xbox 360
		{5BACAA7B-4438-4524-B1B8-91DE6F49504D}.Release|Xbox 360.Build.0 = Release|Xbox 360
		{00000071-FF00-EEBB-AA00-AAAE60ADE400}.Debug|Win32.ActiveCfg = Debug|Win32
		{00000071-FF00-EEBB-AA00-AAAE60ADE400}.Debug|Win32.Build.0 = Debug|Win32
		{00000071-FF00-EEBB-AA00-AAAE60ADE400}.Debug|Xbox 360.ActiveCfg = Debug|Xbox 360
		{00000071-FF00-EEBB-AA00-AAAE60ADE400}.Debug|Xbox 360.Build.0 = Debug|Xbox 360
		{00000071-FF00-EEBB-AA00-AAAE60ADE400}.Profile|Win32.ActiveCfg = Profile|Win32
		{00000071-FF00-EEBB-AA00-AAAE60ADE400}.Profile|Win32.Build.0 = Profile|Win32
		{00000071-FF00-EEBB-AA00-AAAE60ADE400}.Profile|Xbox 360.ActiveCfg = Profile|Xbox 360
		{00000071-FF00-EEBB-AA00-AAAE60ADE400}.Profile|Xbox 360.Build.0 = Profile|Xbox 360
		{00000071-FF00-EEBB-AA00-AAAE60ADE400}.Release|Win32.ActiveCfg = Release|Win32
		{00000071-FF00-EEBB-AA00-AAAE60ADE400}.Release|Win32.Build.0 = Release|Win32
		{00000071-FF00-EEBB-AA00-AAAE60ADE400}.Release|Xbox 360.ActiveCfg = Release|Xbox 360
		{00000071-FF00-EEBB-AA00-AAAE60ADE400}.Release|Xbox 360.Build.0 = Release|Xbox 360
		{5BA3447B-4238-1521-B1B2-913E6F59103D}.Debug|Win32.ActiveCfg = Debug|Win32
		{5BA3447B-4238-1521-B1B2-913E6F59103D}.Debug|Win32.Build.0 = Debug|Win32
		{5BA3447B-4238-1521-B1B2-913E6F59103D}.Debug|Xbox 360.ActiveCfg = Debug|Xbox 360
		{5BA3447B-4238-1521-B1B2-913E6F59103D}.Debug|Xbox 360.Build.0 = Debug|Xbox 360
		{5BA3447B-4238-1521-B1B2-913E6F59103D}.Profile|Win32.ActiveCfg = Profile|Win32
		{5BA3447B-4238-1521-B1B2-913E6F59103D}.Profile|Win32.Build.0 = Profile|Win32
		{5BA3447B-4238-1521-B1B2-913E6F59103D}.Profile|Xbox 360.ActiveCfg = Profile|Xbox 360
		{5BA3447B-4238-1521-B1B2-913E6F59103D}.Profile|Xbox 360.Build.0 = Profile|Xbox 360
		{5BA3447B-4238-1521-B1B2-913E6F59103D}.Release|Win32.ActiveCfg = Release|Win32
		{5BA3447B-4238-1521-B1B2-913E6F59103D}.Release|Win32.Build.0 = Release|Win32
		{5BA3447B-4238-1521-B1B2-913E6F59103D}.Release|Xbox 360.ActiveCfg = Release|Xbox 360
		{5BA3447B-4238-1521-B1B2-913E6F59103D}.Release|Xbox 360.Build.0 = Release|Xbox 360
		{B21B845B-200A-4AAC-8161-41B72F75828A}.Debug|Win32.ActiveCfg = Debug|Win32
		{B21B845B-200A-4AAC-8161-41B72F75828A}.Debug|Win32.Build.0 = Debug|Win32
		{B21B845B-200A-4AAC-8161-41B72F75828A}.Debug|Xbox 360.ActiveCfg = Debug|Xbox 360
		{B21B845B-200A-4AAC-8161-41B72F75828A}.Debug|Xbox 360.Build.0 = Debug|Xbox 360
		{B21B845B-200A-4AAC-8161-41B72F75828A}.Profile|Win32.ActiveCfg = Profile|Win32
		{B21B845B-200A-4AAC-8161-41B72F75828A}.Profile|Win32.Build.0 = Profile|Win32
		{B21B845B-200A-4AAC-8161-41B72F75828A}.Profile|Xbox 360.ActiveCfg = Profile|Xbox 360
		{B21B845B-200A-4AAC-8161-41B72F75828A}.Profile|Xbox 360.Build.0 = Profile|Xbox 360
		{B21B845B-200A-4AAC-8161-41B72F75828A}.Release|Win32.ActiveCfg = Release|Win32
		{B21B845B-200A-4AAC-8161-41B72F75828A}.Release|Win32.Build.0 = Release|Win32
		{B21B845B-200A-4AAC-8161-41B72F75828A}.Release|Xbox 360.ActiveCfg = Release|Xbox 360
		{B21B845B-200A-4AAC-8161-41B72F75828A}.Release|Xbox 360.Build.0 = Release|Xbox 360
		{71823875-B8A3-4E11-B8E8-DE95A1CCC368}.Debug|Win32.ActiveCfg = Debug|Win32
		{71823875-B8A3-4E11-B8E8-DE95A1CCC368}.Debug|Win32.Build.0 = Debug|Win32
		{71823875-B8A3-4E11-B8E8-DE95A1CCC368}.Debug|Xbox 360.ActiveCfg = Debug|Xbox 360
		{71823875-B8A3-4E11-B8E8-DE95A1CCC368}.Debug|Xbox 360.Build.0 = Debug|Xbox 360
		{71823875-B8A3-4E11-B8E8-DE95A1CCC368}.Profile|Win32.ActiveCfg = Profile|Win32
		{71823875-B8A3-4E11-B8E8-DE95A1CCC368}.Profile|Win32.Build.0 = Profile|Win32
		{71823875-B8A3-4E11-B8E8-DE95A1CCC368}.Profile|Xbox 360.ActiveCfg = Profile|Xbox 360
		{71823875-B8A3-4E11-B8E8-DE95A1CCC368}.Profile|Xbox 360.Build.0 = Profile|Xbox 360
		{71823875-B8A3-4E11-B8E8-DE95A1CCC368}.Release|Win32.ActiveCfg = Release|Win32
		{71823875-B8A3-4E11-B8E8-DE95A1CCC368}.Release|Win32.Build.0 = Release|Win32
		{71823875-B8A3-4E11-B8E8-DE95A1CCC368}.Release|Xbox 360.ActiveCfg = Release|Xbox 360
		{71823875-B8A3-4E11-B8E8-DE95A1CCC368}.Release|Xbox 360.Build.0 = Release|Xbox 360
		{71823875-B8A3-4E11-B8E8-DE95A1CCC458}.Debug|Win32.ActiveCfg = Debug|Win32
		{71823875-B8A3-4E11-B8E8-DE95A1CCC458}.Debug|Win32.Build.0 = Debug|Win32
		{71823875-B8A3-4E11-B8E8-DE95A1CCC458}.Debug|Xbox 360.ActiveCfg = Debug|Xbox 360
		{71823875-B8A3-4E11-B8E8-DE95A1CCC458}.Debug|Xbox 360.Build.0 = Debug|Xbox 360
		{71823875-B8A3-4E11-B8E8-DE95A1CCC458}.Profile|Win32.ActiveCfg = Profile|Win32
		{71823875-B8A3-4E11-B8E8-DE95A1CCC458}.Profile|Win32.Build.0 = Profile|Win32
		{71823875-B8A3-4E11-B8E8-DE95A1CCC458}.Profile|Xbox 360.ActiveCfg = Profile|Xbox 360
		{71823875-B8A3-4E11-B8E8-DE95A1CCC458}.Profile|Xbox 360.Build.0 = Profile|Xbox 360
		{71823875-B8A3-4E11-B8E8-DE95A1CCC458}.Release|Win32.ActiveCfg = Release|Win32
		{71823875-B8A3-4E11-B8E8-DE95A1CCC458}.Release|Win32.Build.0 = Release|Win32
		{71823875-B8A3-4E11-B8E8-DE95A1CCC458}.Release|Xbox 360.ActiveCfg = Release|Xbox 360
		{71823875-B8A3-4E11-B8E8-DE95A1CCC458}.Release|Xbox 360.Build.0 = Release|Xbox 360
		{C1797D50-6021-4D72-BAE4-F7904B423103}.Debug|Win32.ActiveCfg = Debug|Win32
		{C1797D50-6021-4D72-BAE4-F7904B423103}.Debug|Win32.Build.0 = Debug|Win32
		{C1797D50-6021-4D72-BAE4-F7904B423103}.Debug|Xbox 360.ActiveCfg = Debug|Xbox 360
		{C1797D50-6021-4D72-BAE4-F7904B423103}.Debug|Xbox 360.Build.0 = Debug|Xbox 360
		{C1797D50-6021-4D72-BAE4-F7904B423103}.Profile|Win32.ActiveCfg = Profile|Win32
		{C1797D50-6021-4D72-BAE4-F7904B423103}.Profile|Win32.Build.0 = Profile|Win32
		{C1797D50-6021-4D72-BAE4-F7904B423103}.Profile|Xbox 360.ActiveCfg = Profile|Xbox 360
		{C1797D50-6021-4D72-BAE4-F7904B423103}.Profile|Xbox 360.Build.0 = Profile|Xbox 360
		{C1797D50-6021-4D72-BAE4-F7904B423103}.Release|Win32.ActiveCfg = Release|Win32
		{C1797D50-6021-4D72-BAE4-F7904B423103}.Release|Win32.Build.0 = Release|Win32
		{C1797D50-6021-4D72-BAE4-F7904B423103}.Release|Xbox 360.ActiveCfg = Release|Xbox 360
		{C1797D50-6021-4D72-BAE4-F7904B423103}.Release|Xbox 360.Build.0 = Release|Xbox 360
		{2F4BC35A-744D-4FF7-8A19-149FD151D261}.Debug|Win32.ActiveCfg = Debug|Win32
		{2F4BC35A-744D-4FF7-8A19-149FD151D261}.Debug|Win32.Build.0 = Debug|Win32
		{2F4BC35A-744D-4FF7-8A19-149FD151D261}.Debug|Xbox 360.ActiveCfg = Debug|Xbox 360
		{2F4BC35A-744D-4FF7-8A19-149FD151D261}.Debug|Xbox 360.Build.0 = Debug|Xbox 360
		{2F4BC35A-744D-4FF7-8A19-149FD151D261}.Profile|Win32.ActiveCfg = Profile|Win32
		{2F4BC35A-744D-4FF7-8A19-149FD151D261}.Profile|Win32.Build.0 = Profile|Win32
		{2F4BC35A-744D-4FF7-8A19-149FD151D261}.Profile|Xbox 360.ActiveCfg = Profile|Xbox 360
		{2F4BC35A-744D-4FF7-8A19-149FD151D261}.Profile|Xbox 360.Build.0 = Profile|Xbox 360
		{2F4BC35A-744D-4FF7-8A19-149FD151D261}.Release|Win32.ActiveCfg = Release|Win32
		{2F4BC35A-744D-4FF7-8A19-149FD151D261}.Release|Win32.Build.0 = Release|Win32
		{2F4BC35A-744D-4FF7-8A19-149FD151D261}.Release|Xbox 360.ActiveCfg = Release|Xbox 360
		{2F4BC35A-744D-4FF7-8A19-149FD151D261}.Release|Xbox 360.Build.0 = Release|Xbox 360
		{F5E12EFB-C659-417D-8F3A-239FD439D052}.Debug|Win32.ActiveCfg = Debug|Win32
		{F5E12EFB-C659-417D-8F3A-239FD439D052}.Debug|Win32.Build.0 = Debug|Win32
		{F5E12EFB-C659-417D-8F3A-239FD439D052}.Debug|Xbox 360.ActiveCfg = Debug|Xbox 360
		{F5E12EFB-C659-417D-8F3A-239FD439D052}.Debug|Xbox 360.Build.0 = Debug|Xbox 360
		{F5E12EFB-C659-417D-8F3A-239FD439D052}.Profile|Win32.ActiveCfg = Profile|Win32
		{F5E12EFB-C659-417D-8F3A-239FD439D052}.Profile|Win32.Build.0 = Profile|Win32
		{F5E12EFB-C659-417D-8F3A-239FD439D052}.Profile|Xbox 360.ActiveCfg = Profile|Win32
		{F5E12EFB-C659-417D-8F3A-239FD439D052}.Profile|Xbox 360.Build.0 = Profile|Win32
		{F5E12EFB-C659-417D-8F3A-239FD439D052}.Release|Win32.ActiveCfg = Release|Win32
		{F5E12EFB-C659-417D-8F3A-239FD439D052}.Release|Win32.Build.0 = Release|Win32
		{F5E12EFB-C659-417D-8F3A-239FD439D052}.Release|Xbox 360.ActiveCfg = Release|Xbox 360
		{F5E12EFB-C659-417D-8F3A-239FD439D052}.Release|Xbox 360.Build.0 = Release|Xbox 360
	EndGlobalSection
	GlobalSection(SolutionProperties) = preSolution
		HideSolutionNode = FALSE
	EndGlobalSection
EndGlobal
