Microsoft Visual Studio Solution File, Format Version 9.00
# Visual Studio 2005
Project("{8BC9CEB8-8B4A-11D0-8D11-00A0C91BC942}") = "Database", "DataBase\DataBase 2005.vcproj", "{D0F92394-850A-4990-B79A-F618A1607B65}"
EndProject
Project("{8BC9CEB8-8B4A-11D0-8D11-00A0C91BC942}") = "DefaultMath", "DefaultMath\DefaultMath 2005.vcproj", "{9914F0A1-7049-4251-8249-5802C536289E}"
EndProject
Project("{8BC9CEB8-8B4A-11D0-8D11-00A0C91BC942}") = "EELuaScript", "EELuaScript\EELuaScript 2005.vcproj", "{6AEDC75F-BA13-4934-80B5-818E4BB52005}"
EndProject
Project("{8BC9CEB8-8B4A-11D0-8D11-00A0C91BC942}") = "LuaNSM", "LuaNSM\LuaNSM 2005.vcproj", "{D0F92394-850A-4990-B79A-F618A1607A39}"
EndProject
Project("{8BC9CEB8-8B4A-11D0-8D11-00A0C91BC942}") = "NavMesh", "NavMesh\NavMesh 2005.vcproj", "{5CB23276-F475-49FF-A142-FDFC2CD1456D}"
EndProject
Project("{8BC9CEB8-8B4A-11D0-8D11-00A0C91BC942}") = "ObjectCubeMap", "ObjectCubeMap\ObjectCubeMap 2005.vcproj", "{84EDD4F2-BC26-4FA0-9290-9FFBD36F62A1}"
EndProject
Project("{8BC9CEB8-8B4A-11D0-8D11-00A0C91BC942}") = "SkyBox", "SkyBox\SkyBox 2005.vcproj", "{5E512567-25D4-4F57-95D9-293C58E6AA45}"
EndProject
Project("{8BC9CEB8-8B4A-11D0-8D11-00A0C91BC942}") = "Spline", "Spline\Spline 2005.vcproj", "{9247D517-D875-4B69-AB02-4192F0A1A9C9}"
EndProject
Project("{8BC9CEB8-8B4A-11D0-8D11-00A0C91BC942}") = "Terrain", "Terrain\Terrain 2005.vcproj", "{5E414540-24AA-6732-95D9-293C58E6AA45}"
EndProject
Project("{8BC9CEB8-8B4A-11D0-8D11-00A0C91BC942}") = "TimeOfDay", "TimeOfDay\TimeOfDay 2005.vcproj", "{5E511530-25D4-4F57-95D9-293C58E6AA45}"
EndProject
Project("{8BC9CEB8-8B4A-11D0-8D11-00A0C91BC942}") = "VariableList", "VariableList\VariableList 2005.vcproj", "{D0F92394-850A-4990-B7AA-F618A1654B65}"
EndProject
Project("{8BC9CEB8-8B4A-11D0-8D11-00A0C91BC942}") = "WeatherController", "Weather\WeatherController 2005.vcproj", "{5E414540-24AA-4F57-95D9-293C58E6AA45}"
EndProject
Project("{8BC9CEB8-8B4A-11D0-8D11-00A0C91BC942}") = "OpenAL", "OpenAL\OpenAL 2005.vcproj", "{ED8D15E6-4387-4965-9CAD-B491BCE8F36C}"
EndProject
Project("{8BC9CEB8-8B4A-11D0-8D11-00A0C91BC942}") = "GUISystem", "GUISystem\GUISystem 2005.vcproj", "{E12AB3BD-9E5B-4553-A1F2-C1867DE6E2B6}"
EndProject
Project("{8BC9CEB8-8B4A-11D0-8D11-00A0C91BC942}") = "Coordinate Tool", "Coordinate Tool\Coordinate Tool 2005.vcproj", "{3467FF64-E801-45D1-A221-D67C83375000}"
EndProject
Project("{8BC9CEB8-8B4A-11D0-8D11-00A0C91BC942}") = "QHStateMachine", "QHStateMachine\QHStateMachine 2005.vcproj", "{A5FDBA3D-FA04-4B83-8A0C-9D5EF72865A2}"
EndProject
Project("{8BC9CEB8-8B4A-11D0-8D11-00A0C91BC942}") = "HierarchicalModel", "HierarchicalModels\HierarchicalModel 2005.vcproj", "{5E512567-25D4-4F57-95D9-293BB3E6AA45}"
EndProject
Project("{8BC9CEB8-8B4A-11D0-8D11-00A0C91BC942}") = "NovodexPhysics", "NovodexPhysics\NovodexPhysics 2005.vcproj", "{ED8D15E6-4387-4965-FFFF-B491BCE8F36C}"
EndProject
Project("{8BC9CEB8-8B4A-11D0-8D11-00A0C91BC942}") = "Shape", "Shape\Shape 2005.vcproj", "{3467FF64-E801-45D1-A221-D67C833758E2}"
EndProject
Project("{8BC9CEB8-8B4A-11D0-8D11-00A0C91BC942}") = "DX9Renderer", "DX9Renderer\DX9Renderer 2005.vcproj", "{D3D9D3D9-D3D9-D3D9-D3D9-D3D9D3D9D3D9}"
EndProject
Project("{8BC9CEB8-8B4A-11D0-8D11-00A0C91BC942}") = "Cal3dModel", "Cal3dModels\Cal3dModel 2005.vcproj", "{5E512567-CAA4-4F57-CAA9-CAABB3E6AA45}"
EndProject
Project("{8BC9CEB8-8B4A-11D0-8D11-00A0C91BC942}") = "EntityQuery", "EntityQuery\EntityQuery 2005.vcproj", "{8ECDBF83-06FF-4BEF-828F-4D812113FB00}"
EndProject
Project("{8BC9CEB8-8B4A-11D0-8D11-00A0C91BC942}") = "WorldEvent", "WorldEvent\WorldEvent 2005.vcproj", "{51AF30D5-06FD-4363-9051-D29E4695E56A}"
EndProject
Project("{8BC9CEB8-8B4A-11D0-8D11-00A0C91BC942}") = "LightMapObject", "LightMapObject\LightMapObject 2005.vcproj", "{5E512567-CAA4-4F57-CAA9-124313A6AA45}"
EndProject
Project("{8BC9CEB8-8B4A-11D0-8D11-00A0C91BC942}") = "AIObject", "AIObject\AIObject 2005.vcproj", "{899EE208-B3C5-48B6-84F6-A61A25B19F14}"
EndProject
Project("{8BC9CEB8-8B4A-11D0-8D11-00A0C91BC942}") = "Profiler", "Profiler\Profiler 2005.vcproj", "{ED8D26F6-4387-4765-9C4D-B4902CEAFF6D}"
EndProject
Project("{8BC9CEB8-8B4A-11D0-8D11-00A0C91BC942}") = "Water", "Water\Water 2005.vcproj", "{408B5068-203F-48C8-B2F5-16DA35C8CF28}"
EndProject
Project("{8BC9CEB8-8B4A-11D0-8D11-00A0C91BC942}") = "DetailObject", "DetailObject\DetailObject 2005.vcproj", "{0FE8354B-0820-42B9-A03A-631E709D5897}"
EndProject
Project("{8BC9CEB8-8B4A-11D0-8D11-00A0C91BC942}") = "NodeSystem", "NodeSystem\NodeSystem 2005.vcproj", "{BC049E31-C44E-4B79-B585-051E1D0A51ED}"
EndProject
Project("{8BC9CEB8-8B4A-11D0-8D11-00A0C91BC942}") = "Cloth", "Cloth\Cloth 2005.vcproj", "{772DE8EF-9149-4482-9163-9F62AB90843E}"
EndProject
Project("{8BC9CEB8-8B4A-11D0-8D11-00A0C91BC942}") = "DecalManager", "DecalManager\DecalManager 2005.vcproj", "{84EDD4F2-BC26-DECA-DECA-DECAD36F62A1}"
EndProject
Project("{8BC9CEB8-8B4A-11D0-8D11-00A0C91BC942}") = "Precache", "Precache\Precache 2005.vcproj", "{3E5D97B1-33EC-4517-B19C-B9C942B7AB8D}"
EndProject
Project("{8BC9CEB8-8B4A-11D0-8D11-00A0C91BC942}") = "LoadSaveManager", "LoadSaveManager\LoadSaveManager 2005.vcproj", "{D0F92E94-8B0A-4990-B59A-F21831F0EA39}"
EndProject
Project("{8BC9CEB8-8B4A-11D0-8D11-00A0C91BC942}") = "GameUtilities", "GameUtilities\GameUtilities 2005.vcproj", "{FFE09FB5-90CB-49AA-B355-59E889C85C26}"
EndProject
Project("{8BC9CEB8-8B4A-11D0-8D11-00A0C91BC942}") = "OctreeSceneManager", "OctreeSceneManager\OctreeSceneManager 2005.vcproj", "{8B918049-1117-403D-ACF4-E1C1D72060E6}"
EndProject
Project("{8BC9CEB8-8B4A-11D0-8D11-00A0C91BC942}") = "ZLibStreamFactory", "ZLibStreamFactory\ZLibStreamFactory 2005.vcproj", "{846AFDAF-2977-407D-B185-DDCF1F8A2F2D}"
EndProject
Project("{8BC9CEB8-8B4A-11D0-8D11-00A0C91BC942}") = "LanguageLocalizer", "LanguageLocalizer\LanguageLocalizer 2005.vcproj", "{ED8F10A6-4B83-494E-9C1D-B6915CA8F66C}"
EndProject
Project("{8BC9CEB8-8B4A-11D0-8D11-00A0C91BC942}") = "Win32Network", "Win32Network\Win32Network.vcproj", "{B889A394-763E-4279-8C6A-03D1E65BF17C}"
EndProject
Project("{8BC9CEB8-8B4A-11D0-8D11-00A0C91BC942}") = "Win32Input", "Win32Input\Win32Input 2005.vcproj", "{8FC972C4-52FF-4C8A-941B-E6459C43B289}"
EndProject
Project("{8BC9CEB8-8B4A-11D0-8D11-00A0C91BC942}") = "Win32Environment", "Win32Environment\Win32Environment 2005.vcproj", "{219AF67C-D772-41EA-AA47-FEB4E6A1DA11}"
EndProject
Global
	GlobalSection(SourceCodeControl) = preSolution
		SccNumberOfProjects = 41
		SccProjectName0 = Perforce\u0020Project
		SccLocalPath0 = .
		SccProvider0 = MSSCCI:Perforce\u0020SCM
		CanCheckoutShared = true
		SccProjectUniqueName1 = AIObject\\AIObject\u00202005.vcproj
		SccLocalPath1 = .
		CanCheckoutShared = true
		SccProjectFilePathRelativizedFromConnection1 = AIObject\\
		SccProjectUniqueName2 = Cal3dModels\\Cal3dModel\u00202005.vcproj
		SccLocalPath2 = ..
		CanCheckoutShared = true
		SccProjectFilePathRelativizedFromConnection2 = ElementalEngine\\Cal3dModels\\
		SccProjectUniqueName3 = Cloth\\Cloth\u00202005.vcproj
		SccLocalPath3 = Cloth
		CanCheckoutShared = true
		SccProjectUniqueName4 = Coordinate\u0020Tool\\Coordinate\u0020Tool\u00202005.vcproj
		SccLocalPath4 = Coordinate\u0020Tool
		CanCheckoutShared = true
		SccProjectUniqueName5 = DataBase\\DataBase\u00202005.vcproj
		SccLocalPath5 = ..
		CanCheckoutShared = true
		SccProjectFilePathRelativizedFromConnection5 = ElementalEngine\\DataBase\\
		SccProjectUniqueName6 = DecalManager\\DecalManager\u00202005.vcproj
		SccLocalPath6 = DecalManager
		CanCheckoutShared = true
		SccProjectUniqueName7 = DefaultMath\\DefaultMath\u00202005.vcproj
		SccLocalPath7 = DefaultMath
		CanCheckoutShared = true
		SccProjectUniqueName8 = DetailObject\\DetailObject\u00202005.vcproj
		SccLocalPath8 = .
		CanCheckoutShared = true
		SccProjectFilePathRelativizedFromConnection8 = DetailObject\\
		SccProjectUniqueName9 = DX9Renderer\\DX9Renderer\u00202005.vcproj
		SccLocalPath9 = ..
		CanCheckoutShared = true
		SccProjectFilePathRelativizedFromConnection9 = ElementalEngine\\DX9Renderer\\
		SccProjectUniqueName10 = EELuaScript\\EELuaScript\u00202005.vcproj
		SccLocalPath10 = ..
		CanCheckoutShared = true
		SccProjectFilePathRelativizedFromConnection10 = ElementalEngine\\EELuaScript\\
		SccProjectUniqueName11 = EntityQuery\\EntityQuery\u00202005.vcproj
		SccLocalPath11 = .
		CanCheckoutShared = true
		SccProjectFilePathRelativizedFromConnection11 = EntityQuery\\
		SccProjectUniqueName12 = GUISystem\\GUISystem\u00202005.vcproj
		SccLocalPath12 = GUISystem
		CanCheckoutShared = true
		SccProjectUniqueName13 = HierarchicalModels\\HierarchicalModel\u00202005.vcproj
		SccLocalPath13 = HierarchicalModels
		CanCheckoutShared = true
		SccProjectUniqueName14 = LightMapObject\\LightMapObject\u00202005.vcproj
		SccLocalPath14 = ..
		CanCheckoutShared = true
		SccProjectFilePathRelativizedFromConnection14 = ElementalEngine\\LightMapObject\\
		SccProjectUniqueName15 = LoadSaveManager\\LoadSaveManager\u00202005.vcproj
		SccLocalPath15 = LoadSaveManager
		CanCheckoutShared = true
		SccProjectUniqueName16 = LuaNSM\\LuaNSM\u00202005.vcproj
		SccLocalPath16 = ..
		CanCheckoutShared = true
		SccProjectFilePathRelativizedFromConnection16 = ElementalEngine\\LuaNSM\\
		SccProjectUniqueName17 = NavMesh\\NavMesh\u00202005.vcproj
		SccLocalPath17 = NavMesh
		CanCheckoutShared = true
		SccProjectUniqueName18 = NodeSystem\\NodeSystem\u00202005.vcproj
		SccLocalPath18 = .
		CanCheckoutShared = true
		SccProjectFilePathRelativizedFromConnection18 = NodeSystem\\
		SccProjectUniqueName19 = NovodexPhysics\\NovodexPhysics\u00202005.vcproj
		SccLocalPath19 = NovodexPhysics
		CanCheckoutShared = true
		SccProjectUniqueName20 = ObjectCubeMap\\ObjectCubeMap\u00202005.vcproj
		SccLocalPath20 = ..
		CanCheckoutShared = true
		SccProjectFilePathRelativizedFromConnection20 = ElementalEngine\\ObjectCubeMap\\
		SccProjectUniqueName21 = OpenAL\\OpenAL\u00202005.vcproj
		SccLocalPath21 = OpenAL
		CanCheckoutShared = true
		SccProjectUniqueName22 = Precache\\Precache\u00202005.vcproj
		SccLocalPath22 = .
		CanCheckoutShared = true
		SccProjectFilePathRelativizedFromConnection22 = Precache\\
		SccProjectUniqueName23 = Profiler\\Profiler\u00202005.vcproj
		SccLocalPath23 = Profiler
		CanCheckoutShared = true
		SccProjectUniqueName24 = QHStateMachine\\QHStateMachine\u00202005.vcproj
		SccLocalPath24 = .
		CanCheckoutShared = true
		SccProjectFilePathRelativizedFromConnection24 = QHStateMachine\\
		SccProjectUniqueName25 = Shape\\Shape\u00202005.vcproj
		SccLocalPath25 = ..
		CanCheckoutShared = true
		SccProjectFilePathRelativizedFromConnection25 = ElementalEngine\\Shape\\
		SccProjectUniqueName26 = SkyBox\\SkyBox\u00202005.vcproj
		SccLocalPath26 = ..
		CanCheckoutShared = true
		SccProjectFilePathRelativizedFromConnection26 = ElementalEngine\\SkyBox\\
		SccProjectUniqueName27 = Spline\\Spline\u00202005.vcproj
		SccLocalPath27 = ..
		CanCheckoutShared = true
		SccProjectFilePathRelativizedFromConnection27 = ElementalEngine\\Spline\\
		SccProjectUniqueName28 = Terrain\\Terrain\u00202005.vcproj
		SccLocalPath28 = Terrain
		CanCheckoutShared = true
		SccProjectUniqueName29 = TimeOfDay\\TimeOfDay\u00202005.vcproj
		SccLocalPath29 = ..
		CanCheckoutShared = true
		SccProjectFilePathRelativizedFromConnection29 = ElementalEngine\\TimeOfDay\\
		SccProjectUniqueName30 = VariableList\\VariableList\u00202005.vcproj
		SccLocalPath30 = ..
		CanCheckoutShared = true
		SccProjectFilePathRelativizedFromConnection30 = ElementalEngine\\VariableList\\
		SccProjectUniqueName31 = Water\\Water\u00202005.vcproj
		SccLocalPath31 = Water
		CanCheckoutShared = true
		SccProjectUniqueName32 = Weather\\WeatherController\u00202005.vcproj
		SccLocalPath32 = ..
		CanCheckoutShared = true
		SccProjectFilePathRelativizedFromConnection32 = ElementalEngine\\Weather\\
		SccProjectUniqueName33 = WorldEvent\\WorldEvent\u00202005.vcproj
		SccLocalPath33 = ..
		CanCheckoutShared = true
		SccProjectFilePathRelativizedFromConnection33 = ElementalEngine\\WorldEvent\\
		SccProjectUniqueName34 = GameUtilities\\GameUtilities\u00202005.vcproj
		SccLocalPath34 = ..
		CanCheckoutShared = true
		SccProjectFilePathRelativizedFromConnection34 = ElementalEngine\\GameUtilities\\
		SccProjectUniqueName35 = OctreeSceneManager\\OctreeSceneManager\u00202005.vcproj
		SccLocalPath35 = .
		CanCheckoutShared = true
		SccProjectFilePathRelativizedFromConnection35 = OctreeSceneManager\\
		SccProjectUniqueName36 = ZLibStreamFactory\\ZLibStreamFactory\u00202005.vcproj
		SccLocalPath36 = ZLibStreamFactory
		CanCheckoutShared = true
		SccProjectUniqueName37 = LanguageLocalizer\\LanguageLocalizer\u00202005.vcproj
		SccLocalPath37 = LanguageLocalizer
		CanCheckoutShared = true
		SccProjectUniqueName38 = Win32Network\\Win32Network.vcproj
		SccLocalPath38 = .
		CanCheckoutShared = true
		SccProjectFilePathRelativizedFromConnection38 = Win32Network\\
		SccProjectUniqueName39 = Win32Input\\Win32Input\u00202005.vcproj
		SccLocalPath39 = Win32Input
		CanCheckoutShared = true
		SccProjectUniqueName40 = Win32Environment\\Win32Environment\u00202005.vcproj
		SccLocalPath40 = Win32Environment
		CanCheckoutShared = true
	EndGlobalSection
	GlobalSection(SolutionConfigurationPlatforms) = preSolution
		Debug|Win32 = Debug|Win32
		Debug|Xbox 360 = Debug|Xbox 360
		Profile|Win32 = Profile|Win32
		Profile|Xbox 360 = Profile|Xbox 360
		Release|Win32 = Release|Win32
		Release|Xbox 360 = Release|Xbox 360
	EndGlobalSection
	GlobalSection(ProjectConfigurationPlatforms) = postSolution
		{D0F92394-850A-4990-B79A-F618A1607B65}.Debug|Win32.ActiveCfg = Debug|Win32
		{D0F92394-850A-4990-B79A-F618A1607B65}.Debug|Win32.Build.0 = Debug|Win32
		{D0F92394-850A-4990-B79A-F618A1607B65}.Debug|Xbox 360.ActiveCfg = Debug|Xbox 360
		{D0F92394-850A-4990-B79A-F618A1607B65}.Debug|Xbox 360.Build.0 = Debug|Xbox 360
		{D0F92394-850A-4990-B79A-F618A1607B65}.Profile|Win32.ActiveCfg = Profile|Win32
		{D0F92394-850A-4990-B79A-F618A1607B65}.Profile|Win32.Build.0 = Profile|Win32
		{D0F92394-850A-4990-B79A-F618A1607B65}.Profile|Xbox 360.ActiveCfg = Profile|Xbox 360
		{D0F92394-850A-4990-B79A-F618A1607B65}.Profile|Xbox 360.Build.0 = Profile|Xbox 360
		{D0F92394-850A-4990-B79A-F618A1607B65}.Release|Win32.ActiveCfg = Release|Win32
		{D0F92394-850A-4990-B79A-F618A1607B65}.Release|Win32.Build.0 = Release|Win32
		{D0F92394-850A-4990-B79A-F618A1607B65}.Release|Xbox 360.ActiveCfg = Release|Xbox 360
		{D0F92394-850A-4990-B79A-F618A1607B65}.Release|Xbox 360.Build.0 = Release|Xbox 360
		{9914F0A1-7049-4251-8249-5802C536289E}.Debug|Win32.ActiveCfg = Debug|Win32
		{9914F0A1-7049-4251-8249-5802C536289E}.Debug|Win32.Build.0 = Debug|Win32
		{9914F0A1-7049-4251-8249-5802C536289E}.Debug|Xbox 360.ActiveCfg = Debug|Xbox 360
		{9914F0A1-7049-4251-8249-5802C536289E}.Debug|Xbox 360.Build.0 = Debug|Xbox 360
		{9914F0A1-7049-4251-8249-5802C536289E}.Profile|Win32.ActiveCfg = Profile|Win32
		{9914F0A1-7049-4251-8249-5802C536289E}.Profile|Win32.Build.0 = Profile|Win32
		{9914F0A1-7049-4251-8249-5802C536289E}.Profile|Xbox 360.ActiveCfg = Profile|Xbox 360
		{9914F0A1-7049-4251-8249-5802C536289E}.Profile|Xbox 360.Build.0 = Profile|Xbox 360
		{9914F0A1-7049-4251-8249-5802C536289E}.Release|Win32.ActiveCfg = Release|Win32
		{9914F0A1-7049-4251-8249-5802C536289E}.Release|Win32.Build.0 = Release|Win32
		{9914F0A1-7049-4251-8249-5802C536289E}.Release|Xbox 360.ActiveCfg = Release|Xbox 360
		{9914F0A1-7049-4251-8249-5802C536289E}.Release|Xbox 360.Build.0 = Release|Xbox 360
		{6AEDC75F-BA13-4934-80B5-818E4BB52005}.Debug|Win32.ActiveCfg = Debug|Win32
		{6AEDC75F-BA13-4934-80B5-818E4BB52005}.Debug|Win32.Build.0 = Debug|Win32
		{6AEDC75F-BA13-4934-80B5-818E4BB52005}.Debug|Xbox 360.ActiveCfg = Debug|Xbox 360
		{6AEDC75F-BA13-4934-80B5-818E4BB52005}.Debug|Xbox 360.Build.0 = Debug|Xbox 360
		{6AEDC75F-BA13-4934-80B5-818E4BB52005}.Profile|Win32.ActiveCfg = Profile|Win32
		{6AEDC75F-BA13-4934-80B5-818E4BB52005}.Profile|Win32.Build.0 = Profile|Win32
		{6AEDC75F-BA13-4934-80B5-818E4BB52005}.Profile|Xbox 360.ActiveCfg = Profile|Xbox 360
		{6AEDC75F-BA13-4934-80B5-818E4BB52005}.Profile|Xbox 360.Build.0 = Profile|Xbox 360
		{6AEDC75F-BA13-4934-80B5-818E4BB52005}.Release|Win32.ActiveCfg = Release|Win32
		{6AEDC75F-BA13-4934-80B5-818E4BB52005}.Release|Win32.Build.0 = Release|Win32
		{6AEDC75F-BA13-4934-80B5-818E4BB52005}.Release|Xbox 360.ActiveCfg = Release|Xbox 360
		{6AEDC75F-BA13-4934-80B5-818E4BB52005}.Release|Xbox 360.Build.0 = Release|Xbox 360
		{D0F92394-850A-4990-B79A-F618A1607A39}.Debug|Win32.ActiveCfg = Debug|Win32
		{D0F92394-850A-4990-B79A-F618A1607A39}.Debug|Win32.Build.0 = Debug|Win32
		{D0F92394-850A-4990-B79A-F618A1607A39}.Debug|Xbox 360.ActiveCfg = Debug|Xbox 360
		{D0F92394-850A-4990-B79A-F618A1607A39}.Debug|Xbox 360.Build.0 = Debug|Xbox 360
		{D0F92394-850A-4990-B79A-F618A1607A39}.Profile|Win32.ActiveCfg = Profile|Win32
		{D0F92394-850A-4990-B79A-F618A1607A39}.Profile|Win32.Build.0 = Profile|Win32
		{D0F92394-850A-4990-B79A-F618A1607A39}.Profile|Xbox 360.ActiveCfg = Profile|Xbox 360
		{D0F92394-850A-4990-B79A-F618A1607A39}.Profile|Xbox 360.Build.0 = Profile|Xbox 360
		{D0F92394-850A-4990-B79A-F618A1607A39}.Release|Win32.ActiveCfg = Release|Win32
		{D0F92394-850A-4990-B79A-F618A1607A39}.Release|Win32.Build.0 = Release|Win32
		{D0F92394-850A-4990-B79A-F618A1607A39}.Release|Xbox 360.ActiveCfg = Release|Xbox 360
		{D0F92394-850A-4990-B79A-F618A1607A39}.Release|Xbox 360.Build.0 = Release|Xbox 360
		{5CB23276-F475-49FF-A142-FDFC2CD1456D}.Debug|Win32.ActiveCfg = Debug|Win32
		{5CB23276-F475-49FF-A142-FDFC2CD1456D}.Debug|Win32.Build.0 = Debug|Win32
		{5CB23276-F475-49FF-A142-FDFC2CD1456D}.Debug|Xbox 360.ActiveCfg = Debug|Xbox 360
		{5CB23276-F475-49FF-A142-FDFC2CD1456D}.Debug|Xbox 360.Build.0 = Debug|Xbox 360
		{5CB23276-F475-49FF-A142-FDFC2CD1456D}.Profile|Win32.ActiveCfg = Profile|Win32
		{5CB23276-F475-49FF-A142-FDFC2CD1456D}.Profile|Win32.Build.0 = Profile|Win32
		{5CB23276-F475-49FF-A142-FDFC2CD1456D}.Profile|Xbox 360.ActiveCfg = Profile|Xbox 360
		{5CB23276-F475-49FF-A142-FDFC2CD1456D}.Profile|Xbox 360.Build.0 = Profile|Xbox 360
		{5CB23276-F475-49FF-A142-FDFC2CD1456D}.Release|Win32.ActiveCfg = Release|Win32
		{5CB23276-F475-49FF-A142-FDFC2CD1456D}.Release|Win32.Build.0 = Release|Win32
		{5CB23276-F475-49FF-A142-FDFC2CD1456D}.Release|Xbox 360.ActiveCfg = Release|Xbox 360
		{5CB23276-F475-49FF-A142-FDFC2CD1456D}.Release|Xbox 360.Build.0 = Release|Xbox 360
		{84EDD4F2-BC26-4FA0-9290-9FFBD36F62A1}.Debug|Win32.ActiveCfg = Debug|Win32
		{84EDD4F2-BC26-4FA0-9290-9FFBD36F62A1}.Debug|Win32.Build.0 = Debug|Win32
		{84EDD4F2-BC26-4FA0-9290-9FFBD36F62A1}.Debug|Xbox 360.ActiveCfg = Debug|Xbox 360
		{84EDD4F2-BC26-4FA0-9290-9FFBD36F62A1}.Debug|Xbox 360.Build.0 = Debug|Xbox 360
		{84EDD4F2-BC26-4FA0-9290-9FFBD36F62A1}.Profile|Win32.ActiveCfg = Profile|Win32
		{84EDD4F2-BC26-4FA0-9290-9FFBD36F62A1}.Profile|Win32.Build.0 = Profile|Win32
		{84EDD4F2-BC26-4FA0-9290-9FFBD36F62A1}.Profile|Xbox 360.ActiveCfg = Profile|Xbox 360
		{84EDD4F2-BC26-4FA0-9290-9FFBD36F62A1}.Profile|Xbox 360.Build.0 = Profile|Xbox 360
		{84EDD4F2-BC26-4FA0-9290-9FFBD36F62A1}.Release|Win32.ActiveCfg = Release|Win32
		{84EDD4F2-BC26-4FA0-9290-9FFBD36F62A1}.Release|Win32.Build.0 = Release|Win32
		{84EDD4F2-BC26-4FA0-9290-9FFBD36F62A1}.Release|Xbox 360.ActiveCfg = Release|Xbox 360
		{84EDD4F2-BC26-4FA0-9290-9FFBD36F62A1}.Release|Xbox 360.Build.0 = Release|Xbox 360
		{5E512567-25D4-4F57-95D9-293C58E6AA45}.Debug|Win32.ActiveCfg = Debug|Win32
		{5E512567-25D4-4F57-95D9-293C58E6AA45}.Debug|Win32.Build.0 = Debug|Win32
		{5E512567-25D4-4F57-95D9-293C58E6AA45}.Debug|Xbox 360.ActiveCfg = Debug|Xbox 360
		{5E512567-25D4-4F57-95D9-293C58E6AA45}.Debug|Xbox 360.Build.0 = Debug|Xbox 360
		{5E512567-25D4-4F57-95D9-293C58E6AA45}.Profile|Win32.ActiveCfg = Profile|Win32
		{5E512567-25D4-4F57-95D9-293C58E6AA45}.Profile|Win32.Build.0 = Profile|Win32
		{5E512567-25D4-4F57-95D9-293C58E6AA45}.Profile|Xbox 360.ActiveCfg = Profile|Xbox 360
		{5E512567-25D4-4F57-95D9-293C58E6AA45}.Profile|Xbox 360.Build.0 = Profile|Xbox 360
		{5E512567-25D4-4F57-95D9-293C58E6AA45}.Release|Win32.ActiveCfg = Release|Win32
		{5E512567-25D4-4F57-95D9-293C58E6AA45}.Release|Win32.Build.0 = Release|Win32
		{5E512567-25D4-4F57-95D9-293C58E6AA45}.Release|Xbox 360.ActiveCfg = Release|Xbox 360
		{5E512567-25D4-4F57-95D9-293C58E6AA45}.Release|Xbox 360.Build.0 = Release|Xbox 360
		{9247D517-D875-4B69-AB02-4192F0A1A9C9}.Debug|Win32.ActiveCfg = Debug|Win32
		{9247D517-D875-4B69-AB02-4192F0A1A9C9}.Debug|Win32.Build.0 = Debug|Win32
		{9247D517-D875-4B69-AB02-4192F0A1A9C9}.Debug|Xbox 360.ActiveCfg = Debug|Xbox 360
		{9247D517-D875-4B69-AB02-4192F0A1A9C9}.Debug|Xbox 360.Build.0 = Debug|Xbox 360
		{9247D517-D875-4B69-AB02-4192F0A1A9C9}.Profile|Win32.ActiveCfg = Profile|Win32
		{9247D517-D875-4B69-AB02-4192F0A1A9C9}.Profile|Win32.Build.0 = Profile|Win32
		{9247D517-D875-4B69-AB02-4192F0A1A9C9}.Profile|Xbox 360.ActiveCfg = Profile|Xbox 360
		{9247D517-D875-4B69-AB02-4192F0A1A9C9}.Profile|Xbox 360.Build.0 = Profile|Xbox 360
		{9247D517-D875-4B69-AB02-4192F0A1A9C9}.Release|Win32.ActiveCfg = Release|Win32
		{9247D517-D875-4B69-AB02-4192F0A1A9C9}.Release|Win32.Build.0 = Release|Win32
		{9247D517-D875-4B69-AB02-4192F0A1A9C9}.Release|Xbox 360.ActiveCfg = Release|Xbox 360
		{9247D517-D875-4B69-AB02-4192F0A1A9C9}.Release|Xbox 360.Build.0 = Release|Xbox 360
		{5E414540-24AA-6732-95D9-293C58E6AA45}.Debug|Win32.ActiveCfg = Debug|Win32
		{5E414540-24AA-6732-95D9-293C58E6AA45}.Debug|Win32.Build.0 = Debug|Win32
		{5E414540-24AA-6732-95D9-293C58E6AA45}.Debug|Xbox 360.ActiveCfg = Debug|Xbox 360
		{5E414540-24AA-6732-95D9-293C58E6AA45}.Debug|Xbox 360.Build.0 = Debug|Xbox 360
		{5E414540-24AA-6732-95D9-293C58E6AA45}.Profile|Win32.ActiveCfg = Profile|Win32
		{5E414540-24AA-6732-95D9-293C58E6AA45}.Profile|Win32.Build.0 = Profile|Win32
		{5E414540-24AA-6732-95D9-293C58E6AA45}.Profile|Xbox 360.ActiveCfg = Profile|Xbox 360
		{5E414540-24AA-6732-95D9-293C58E6AA45}.Profile|Xbox 360.Build.0 = Profile|Xbox 360
		{5E414540-24AA-6732-95D9-293C58E6AA45}.Release|Win32.ActiveCfg = Release|Win32
		{5E414540-24AA-6732-95D9-293C58E6AA45}.Release|Win32.Build.0 = Release|Win32
		{5E414540-24AA-6732-95D9-293C58E6AA45}.Release|Xbox 360.ActiveCfg = Release|Xbox 360
		{5E414540-24AA-6732-95D9-293C58E6AA45}.Release|Xbox 360.Build.0 = Release|Xbox 360
		{5E511530-25D4-4F57-95D9-293C58E6AA45}.Debug|Win32.ActiveCfg = Debug|Win32
		{5E511530-25D4-4F57-95D9-293C58E6AA45}.Debug|Win32.Build.0 = Debug|Win32
		{5E511530-25D4-4F57-95D9-293C58E6AA45}.Debug|Xbox 360.ActiveCfg = Debug|Xbox 360
		{5E511530-25D4-4F57-95D9-293C58E6AA45}.Debug|Xbox 360.Build.0 = Debug|Xbox 360
		{5E511530-25D4-4F57-95D9-293C58E6AA45}.Profile|Win32.ActiveCfg = Profile|Win32
		{5E511530-25D4-4F57-95D9-293C58E6AA45}.Profile|Win32.Build.0 = Profile|Win32
		{5E511530-25D4-4F57-95D9-293C58E6AA45}.Profile|Xbox 360.ActiveCfg = Profile|Xbox 360
		{5E511530-25D4-4F57-95D9-293C58E6AA45}.Profile|Xbox 360.Build.0 = Profile|Xbox 360
		{5E511530-25D4-4F57-95D9-293C58E6AA45}.Release|Win32.ActiveCfg = Release|Win32
		{5E511530-25D4-4F57-95D9-293C58E6AA45}.Release|Win32.Build.0 = Release|Win32
		{5E511530-25D4-4F57-95D9-293C58E6AA45}.Release|Xbox 360.ActiveCfg = Release|Xbox 360
		{5E511530-25D4-4F57-95D9-293C58E6AA45}.Release|Xbox 360.Build.0 = Release|Xbox 360
		{D0F92394-850A-4990-B7AA-F618A1654B65}.Debug|Win32.ActiveCfg = Debug|Win32
		{D0F92394-850A-4990-B7AA-F618A1654B65}.Debug|Win32.Build.0 = Debug|Win32
		{D0F92394-850A-4990-B7AA-F618A1654B65}.Debug|Xbox 360.ActiveCfg = Debug|Xbox 360
		{D0F92394-850A-4990-B7AA-F618A1654B65}.Debug|Xbox 360.Build.0 = Debug|Xbox 360
		{D0F92394-850A-4990-B7AA-F618A1654B65}.Profile|Win32.ActiveCfg = Profile|Win32
		{D0F92394-850A-4990-B7AA-F618A1654B65}.Profile|Win32.Build.0 = Profile|Win32
		{D0F92394-850A-4990-B7AA-F618A1654B65}.Profile|Xbox 360.ActiveCfg = Profile|Xbox 360
		{D0F92394-850A-4990-B7AA-F618A1654B65}.Profile|Xbox 360.Build.0 = Profile|Xbox 360
		{D0F92394-850A-4990-B7AA-F618A1654B65}.Release|Win32.ActiveCfg = Release|Win32
		{D0F92394-850A-4990-B7AA-F618A1654B65}.Release|Win32.Build.0 = Release|Win32
		{D0F92394-850A-4990-B7AA-F618A1654B65}.Release|Xbox 360.ActiveCfg = Release|Xbox 360
		{D0F92394-850A-4990-B7AA-F618A1654B65}.Release|Xbox 360.Build.0 = Release|Xbox 360
		{5E414540-24AA-4F57-95D9-293C58E6AA45}.Debug|Win32.ActiveCfg = Debug|Win32
		{5E414540-24AA-4F57-95D9-293C58E6AA45}.Debug|Win32.Build.0 = Debug|Win32
		{5E414540-24AA-4F57-95D9-293C58E6AA45}.Debug|Xbox 360.ActiveCfg = Debug|Xbox 360
		{5E414540-24AA-4F57-95D9-293C58E6AA45}.Debug|Xbox 360.Build.0 = Debug|Xbox 360
		{5E414540-24AA-4F57-95D9-293C58E6AA45}.Profile|Win32.ActiveCfg = Profile|Win32
		{5E414540-24AA-4F57-95D9-293C58E6AA45}.Profile|Win32.Build.0 = Profile|Win32
		{5E414540-24AA-4F57-95D9-293C58E6AA45}.Profile|Xbox 360.ActiveCfg = Profile|Xbox 360
		{5E414540-24AA-4F57-95D9-293C58E6AA45}.Profile|Xbox 360.Build.0 = Profile|Xbox 360
		{5E414540-24AA-4F57-95D9-293C58E6AA45}.Release|Win32.ActiveCfg = Release|Win32
		{5E414540-24AA-4F57-95D9-293C58E6AA45}.Release|Win32.Build.0 = Release|Win32
		{5E414540-24AA-4F57-95D9-293C58E6AA45}.Release|Xbox 360.ActiveCfg = Release|Xbox 360
		{5E414540-24AA-4F57-95D9-293C58E6AA45}.Release|Xbox 360.Build.0 = Release|Xbox 360
		{ED8D15E6-4387-4965-9CAD-B491BCE8F36C}.Debug|Win32.ActiveCfg = Debug|Win32
		{ED8D15E6-4387-4965-9CAD-B491BCE8F36C}.Debug|Win32.Build.0 = Debug|Win32
		{ED8D15E6-4387-4965-9CAD-B491BCE8F36C}.Debug|Xbox 360.ActiveCfg = Debug|Xbox 360
		{ED8D15E6-4387-4965-9CAD-B491BCE8F36C}.Debug|Xbox 360.Build.0 = Debug|Xbox 360
		{ED8D15E6-4387-4965-9CAD-B491BCE8F36C}.Profile|Win32.ActiveCfg = Profile|Win32
		{ED8D15E6-4387-4965-9CAD-B491BCE8F36C}.Profile|Win32.Build.0 = Profile|Win32
		{ED8D15E6-4387-4965-9CAD-B491BCE8F36C}.Profile|Xbox 360.ActiveCfg = Profile|Xbox 360
		{ED8D15E6-4387-4965-9CAD-B491BCE8F36C}.Profile|Xbox 360.Build.0 = Profile|Xbox 360
		{ED8D15E6-4387-4965-9CAD-B491BCE8F36C}.Release|Win32.ActiveCfg = Release|Win32
		{ED8D15E6-4387-4965-9CAD-B491BCE8F36C}.Release|Win32.Build.0 = Release|Win32
		{ED8D15E6-4387-4965-9CAD-B491BCE8F36C}.Release|Xbox 360.ActiveCfg = Release|Xbox 360
		{ED8D15E6-4387-4965-9CAD-B491BCE8F36C}.Release|Xbox 360.Build.0 = Release|Xbox 360
		{E12AB3BD-9E5B-4553-A1F2-C1867DE6E2B6}.Debug|Win32.ActiveCfg = Debug|Win32
		{E12AB3BD-9E5B-4553-A1F2-C1867DE6E2B6}.Debug|Win32.Build.0 = Debug|Win32
		{E12AB3BD-9E5B-4553-A1F2-C1867DE6E2B6}.Debug|Xbox 360.ActiveCfg = Debug|Xbox 360
		{E12AB3BD-9E5B-4553-A1F2-C1867DE6E2B6}.Debug|Xbox 360.Build.0 = Debug|Xbox 360
		{E12AB3BD-9E5B-4553-A1F2-C1867DE6E2B6}.Profile|Win32.ActiveCfg = Profile|Win32
		{E12AB3BD-9E5B-4553-A1F2-C1867DE6E2B6}.Profile|Win32.Build.0 = Profile|Win32
		{E12AB3BD-9E5B-4553-A1F2-C1867DE6E2B6}.Profile|Xbox 360.ActiveCfg = Profile|Xbox 360
		{E12AB3BD-9E5B-4553-A1F2-C1867DE6E2B6}.Profile|Xbox 360.Build.0 = Profile|Xbox 360
		{E12AB3BD-9E5B-4553-A1F2-C1867DE6E2B6}.Release|Win32.ActiveCfg = Release|Win32
		{E12AB3BD-9E5B-4553-A1F2-C1867DE6E2B6}.Release|Win32.Build.0 = Release|Win32
		{E12AB3BD-9E5B-4553-A1F2-C1867DE6E2B6}.Release|Xbox 360.ActiveCfg = Release|Xbox 360
		{E12AB3BD-9E5B-4553-A1F2-C1867DE6E2B6}.Release|Xbox 360.Build.0 = Release|Xbox 360
		{3467FF64-E801-45D1-A221-D67C83375000}.Debug|Win32.ActiveCfg = Debug|Win32
		{3467FF64-E801-45D1-A221-D67C83375000}.Debug|Win32.Build.0 = Debug|Win32
		{3467FF64-E801-45D1-A221-D67C83375000}.Debug|Xbox 360.ActiveCfg = Debug|Xbox 360
		{3467FF64-E801-45D1-A221-D67C83375000}.Debug|Xbox 360.Build.0 = Debug|Xbox 360
		{3467FF64-E801-45D1-A221-D67C83375000}.Profile|Win32.ActiveCfg = Profile|Win32
		{3467FF64-E801-45D1-A221-D67C83375000}.Profile|Win32.Build.0 = Profile|Win32
		{3467FF64-E801-45D1-A221-D67C83375000}.Profile|Xbox 360.ActiveCfg = Profile|Xbox 360
		{3467FF64-E801-45D1-A221-D67C83375000}.Profile|Xbox 360.Build.0 = Profile|Xbox 360
		{3467FF64-E801-45D1-A221-D67C83375000}.Release|Win32.ActiveCfg = Release|Win32
		{3467FF64-E801-45D1-A221-D67C83375000}.Release|Win32.Build.0 = Release|Win32
		{3467FF64-E801-45D1-A221-D67C83375000}.Release|Xbox 360.ActiveCfg = Release|Xbox 360
		{3467FF64-E801-45D1-A221-D67C83375000}.Release|Xbox 360.Build.0 = Release|Xbox 360
		{A5FDBA3D-FA04-4B83-8A0C-9D5EF72865A2}.Debug|Win32.ActiveCfg = Debug|Win32
		{A5FDBA3D-FA04-4B83-8A0C-9D5EF72865A2}.Debug|Win32.Build.0 = Debug|Win32
		{A5FDBA3D-FA04-4B83-8A0C-9D5EF72865A2}.Debug|Xbox 360.ActiveCfg = Debug|Xbox 360
		{A5FDBA3D-FA04-4B83-8A0C-9D5EF72865A2}.Debug|Xbox 360.Build.0 = Debug|Xbox 360
		{A5FDBA3D-FA04-4B83-8A0C-9D5EF72865A2}.Profile|Win32.ActiveCfg = Profile|Win32
		{A5FDBA3D-FA04-4B83-8A0C-9D5EF72865A2}.Profile|Win32.Build.0 = Profile|Win32
		{A5FDBA3D-FA04-4B83-8A0C-9D5EF72865A2}.Profile|Xbox 360.ActiveCfg = Profile|Xbox 360
		{A5FDBA3D-FA04-4B83-8A0C-9D5EF72865A2}.Profile|Xbox 360.Build.0 = Profile|Xbox 360
		{A5FDBA3D-FA04-4B83-8A0C-9D5EF72865A2}.Release|Win32.ActiveCfg = Release|Win32
		{A5FDBA3D-FA04-4B83-8A0C-9D5EF72865A2}.Release|Win32.Build.0 = Release|Win32
		{A5FDBA3D-FA04-4B83-8A0C-9D5EF72865A2}.Release|Xbox 360.ActiveCfg = Release|Xbox 360
		{A5FDBA3D-FA04-4B83-8A0C-9D5EF72865A2}.Release|Xbox 360.Build.0 = Release|Xbox 360
		{5E512567-25D4-4F57-95D9-293BB3E6AA45}.Debug|Win32.ActiveCfg = Debug|Win32
		{5E512567-25D4-4F57-95D9-293BB3E6AA45}.Debug|Win32.Build.0 = Debug|Win32
		{5E512567-25D4-4F57-95D9-293BB3E6AA45}.Debug|Xbox 360.ActiveCfg = Debug|Xbox 360
		{5E512567-25D4-4F57-95D9-293BB3E6AA45}.Debug|Xbox 360.Build.0 = Debug|Xbox 360
		{5E512567-25D4-4F57-95D9-293BB3E6AA45}.Profile|Win32.ActiveCfg = Profile|Win32
		{5E512567-25D4-4F57-95D9-293BB3E6AA45}.Profile|Win32.Build.0 = Profile|Win32
		{5E512567-25D4-4F57-95D9-293BB3E6AA45}.Profile|Xbox 360.ActiveCfg = Profile|Xbox 360
		{5E512567-25D4-4F57-95D9-293BB3E6AA45}.Profile|Xbox 360.Build.0 = Profile|Xbox 360
		{5E512567-25D4-4F57-95D9-293BB3E6AA45}.Release|Win32.ActiveCfg = Release|Win32
		{5E512567-25D4-4F57-95D9-293BB3E6AA45}.Release|Win32.Build.0 = Release|Win32
		{5E512567-25D4-4F57-95D9-293BB3E6AA45}.Release|Xbox 360.ActiveCfg = Release|Xbox 360
		{5E512567-25D4-4F57-95D9-293BB3E6AA45}.Release|Xbox 360.Build.0 = Release|Xbox 360
		{ED8D15E6-4387-4965-FFFF-B491BCE8F36C}.Debug|Win32.ActiveCfg = Debug|Win32
		{ED8D15E6-4387-4965-FFFF-B491BCE8F36C}.Debug|Win32.Build.0 = Debug|Win32
		{ED8D15E6-4387-4965-FFFF-B491BCE8F36C}.Debug|Xbox 360.ActiveCfg = Debug|Xbox 360
		{ED8D15E6-4387-4965-FFFF-B491BCE8F36C}.Debug|Xbox 360.Build.0 = Debug|Xbox 360
		{ED8D15E6-4387-4965-FFFF-B491BCE8F36C}.Profile|Win32.ActiveCfg = Profile|Win32
		{ED8D15E6-4387-4965-FFFF-B491BCE8F36C}.Profile|Win32.Build.0 = Profile|Win32
		{ED8D15E6-4387-4965-FFFF-B491BCE8F36C}.Profile|Xbox 360.ActiveCfg = Profile|Xbox 360
		{ED8D15E6-4387-4965-FFFF-B491BCE8F36C}.Profile|Xbox 360.Build.0 = Profile|Xbox 360
		{ED8D15E6-4387-4965-FFFF-B491BCE8F36C}.Release|Win32.ActiveCfg = Release|Win32
		{ED8D15E6-4387-4965-FFFF-B491BCE8F36C}.Release|Win32.Build.0 = Release|Win32
		{ED8D15E6-4387-4965-FFFF-B491BCE8F36C}.Release|Xbox 360.ActiveCfg = Release|Xbox 360
		{ED8D15E6-4387-4965-FFFF-B491BCE8F36C}.Release|Xbox 360.Build.0 = Release|Xbox 360
		{3467FF64-E801-45D1-A221-D67C833758E2}.Debug|Win32.ActiveCfg = Debug|Win32
		{3467FF64-E801-45D1-A221-D67C833758E2}.Debug|Win32.Build.0 = Debug|Win32
		{3467FF64-E801-45D1-A221-D67C833758E2}.Debug|Xbox 360.ActiveCfg = Debug|Xbox 360
		{3467FF64-E801-45D1-A221-D67C833758E2}.Debug|Xbox 360.Build.0 = Debug|Xbox 360
		{3467FF64-E801-45D1-A221-D67C833758E2}.Profile|Win32.ActiveCfg = Profile|Win32
		{3467FF64-E801-45D1-A221-D67C833758E2}.Profile|Win32.Build.0 = Profile|Win32
		{3467FF64-E801-45D1-A221-D67C833758E2}.Profile|Xbox 360.ActiveCfg = Profile|Xbox 360
		{3467FF64-E801-45D1-A221-D67C833758E2}.Profile|Xbox 360.Build.0 = Profile|Xbox 360
		{3467FF64-E801-45D1-A221-D67C833758E2}.Release|Win32.ActiveCfg = Release|Win32
		{3467FF64-E801-45D1-A221-D67C833758E2}.Release|Win32.Build.0 = Release|Win32
		{3467FF64-E801-45D1-A221-D67C833758E2}.Release|Xbox 360.ActiveCfg = Release|Xbox 360
		{3467FF64-E801-45D1-A221-D67C833758E2}.Release|Xbox 360.Build.0 = Release|Xbox 360
		{D3D9D3D9-D3D9-D3D9-D3D9-D3D9D3D9D3D9}.Debug|Win32.ActiveCfg = Debug|Win32
		{D3D9D3D9-D3D9-D3D9-D3D9-D3D9D3D9D3D9}.Debug|Win32.Build.0 = Debug|Win32
		{D3D9D3D9-D3D9-D3D9-D3D9-D3D9D3D9D3D9}.Debug|Xbox 360.ActiveCfg = Debug|Xbox 360
		{D3D9D3D9-D3D9-D3D9-D3D9-D3D9D3D9D3D9}.Debug|Xbox 360.Build.0 = Debug|Xbox 360
		{D3D9D3D9-D3D9-D3D9-D3D9-D3D9D3D9D3D9}.Profile|Win32.ActiveCfg = Profile|Win32
		{D3D9D3D9-D3D9-D3D9-D3D9-D3D9D3D9D3D9}.Profile|Win32.Build.0 = Profile|Win32
		{D3D9D3D9-D3D9-D3D9-D3D9-D3D9D3D9D3D9}.Profile|Xbox 360.ActiveCfg = Profile|Xbox 360
		{D3D9D3D9-D3D9-D3D9-D3D9-D3D9D3D9D3D9}.Profile|Xbox 360.Build.0 = Profile|Xbox 360
		{D3D9D3D9-D3D9-D3D9-D3D9-D3D9D3D9D3D9}.Release|Win32.ActiveCfg = Release|Win32
		{D3D9D3D9-D3D9-D3D9-D3D9-D3D9D3D9D3D9}.Release|Win32.Build.0 = Release|Win32
		{D3D9D3D9-D3D9-D3D9-D3D9-D3D9D3D9D3D9}.Release|Xbox 360.ActiveCfg = Release|Xbox 360
		{D3D9D3D9-D3D9-D3D9-D3D9-D3D9D3D9D3D9}.Release|Xbox 360.Build.0 = Release|Xbox 360
		{5E512567-CAA4-4F57-CAA9-CAABB3E6AA45}.Debug|Win32.ActiveCfg = Debug|Win32
		{5E512567-CAA4-4F57-CAA9-CAABB3E6AA45}.Debug|Win32.Build.0 = Debug|Win32
		{5E512567-CAA4-4F57-CAA9-CAABB3E6AA45}.Debug|Xbox 360.ActiveCfg = Debug|Xbox 360
		{5E512567-CAA4-4F57-CAA9-CAABB3E6AA45}.Debug|Xbox 360.Build.0 = Debug|Xbox 360
		{5E512567-CAA4-4F57-CAA9-CAABB3E6AA45}.Profile|Win32.ActiveCfg = Profile|Win32
		{5E512567-CAA4-4F57-CAA9-CAABB3E6AA45}.Profile|Win32.Build.0 = Profile|Win32
		{5E512567-CAA4-4F57-CAA9-CAABB3E6AA45}.Profile|Xbox 360.ActiveCfg = Profile|Xbox 360
		{5E512567-CAA4-4F57-CAA9-CAABB3E6AA45}.Profile|Xbox 360.Build.0 = Profile|Xbox 360
		{5E512567-CAA4-4F57-CAA9-CAABB3E6AA45}.Release|Win32.ActiveCfg = Release|Win32
		{5E512567-CAA4-4F57-CAA9-CAABB3E6AA45}.Release|Win32.Build.0 = Release|Win32
		{5E512567-CAA4-4F57-CAA9-CAABB3E6AA45}.Release|Xbox 360.ActiveCfg = Release|Xbox 360
		{5E512567-CAA4-4F57-CAA9-CAABB3E6AA45}.Release|Xbox 360.Build.0 = Release|Xbox 360
		{8ECDBF83-06FF-4BEF-828F-4D812113FB00}.Debug|Win32.ActiveCfg = Debug|Win32
		{8ECDBF83-06FF-4BEF-828F-4D812113FB00}.Debug|Win32.Build.0 = Debug|Win32
		{8ECDBF83-06FF-4BEF-828F-4D812113FB00}.Debug|Xbox 360.ActiveCfg = Debug|Xbox 360
		{8ECDBF83-06FF-4BEF-828F-4D812113FB00}.Debug|Xbox 360.Build.0 = Debug|Xbox 360
		{8ECDBF83-06FF-4BEF-828F-4D812113FB00}.Profile|Win32.ActiveCfg = Profile|Win32
		{8ECDBF83-06FF-4BEF-828F-4D812113FB00}.Profile|Win32.Build.0 = Profile|Win32
		{8ECDBF83-06FF-4BEF-828F-4D812113FB00}.Profile|Xbox 360.ActiveCfg = Profile|Xbox 360
		{8ECDBF83-06FF-4BEF-828F-4D812113FB00}.Profile|Xbox 360.Build.0 = Profile|Xbox 360
		{8ECDBF83-06FF-4BEF-828F-4D812113FB00}.Release|Win32.ActiveCfg = Release|Win32
		{8ECDBF83-06FF-4BEF-828F-4D812113FB00}.Release|Win32.Build.0 = Release|Win32
		{8ECDBF83-06FF-4BEF-828F-4D812113FB00}.Release|Xbox 360.ActiveCfg = Release|Xbox 360
		{8ECDBF83-06FF-4BEF-828F-4D812113FB00}.Release|Xbox 360.Build.0 = Release|Xbox 360
		{51AF30D5-06FD-4363-9051-D29E4695E56A}.Debug|Win32.ActiveCfg = Debug|Win32
		{51AF30D5-06FD-4363-9051-D29E4695E56A}.Debug|Win32.Build.0 = Debug|Win32
		{51AF30D5-06FD-4363-9051-D29E4695E56A}.Debug|Xbox 360.ActiveCfg = Debug|Xbox 360
		{51AF30D5-06FD-4363-9051-D29E4695E56A}.Debug|Xbox 360.Build.0 = Debug|Xbox 360
		{51AF30D5-06FD-4363-9051-D29E4695E56A}.Profile|Win32.ActiveCfg = Profile|Win32
		{51AF30D5-06FD-4363-9051-D29E4695E56A}.Profile|Win32.Build.0 = Profile|Win32
		{51AF30D5-06FD-4363-9051-D29E4695E56A}.Profile|Xbox 360.ActiveCfg = Profile|Xbox 360
		{51AF30D5-06FD-4363-9051-D29E4695E56A}.Profile|Xbox 360.Build.0 = Profile|Xbox 360
		{51AF30D5-06FD-4363-9051-D29E4695E56A}.Release|Win32.ActiveCfg = Release|Win32
		{51AF30D5-06FD-4363-9051-D29E4695E56A}.Release|Win32.Build.0 = Release|Win32
		{51AF30D5-06FD-4363-9051-D29E4695E56A}.Release|Xbox 360.ActiveCfg = Release|Xbox 360
		{51AF30D5-06FD-4363-9051-D29E4695E56A}.Release|Xbox 360.Build.0 = Release|Xbox 360
		{5E512567-CAA4-4F57-CAA9-124313A6AA45}.Debug|Win32.ActiveCfg = Debug|Win32
		{5E512567-CAA4-4F57-CAA9-124313A6AA45}.Debug|Win32.Build.0 = Debug|Win32
		{5E512567-CAA4-4F57-CAA9-124313A6AA45}.Debug|Xbox 360.ActiveCfg = Debug|Xbox 360
		{5E512567-CAA4-4F57-CAA9-124313A6AA45}.Debug|Xbox 360.Build.0 = Debug|Xbox 360
		{5E512567-CAA4-4F57-CAA9-124313A6AA45}.Profile|Win32.ActiveCfg = Profile|Win32
		{5E512567-CAA4-4F57-CAA9-124313A6AA45}.Profile|Win32.Build.0 = Profile|Win32
		{5E512567-CAA4-4F57-CAA9-124313A6AA45}.Profile|Xbox 360.ActiveCfg = Profile|Xbox 360
		{5E512567-CAA4-4F57-CAA9-124313A6AA45}.Profile|Xbox 360.Build.0 = Profile|Xbox 360
		{5E512567-CAA4-4F57-CAA9-124313A6AA45}.Release|Win32.ActiveCfg = Release|Win32
		{5E512567-CAA4-4F57-CAA9-124313A6AA45}.Release|Win32.Build.0 = Release|Win32
		{5E512567-CAA4-4F57-CAA9-124313A6AA45}.Release|Xbox 360.ActiveCfg = Release|Xbox 360
		{5E512567-CAA4-4F57-CAA9-124313A6AA45}.Release|Xbox 360.Build.0 = Release|Xbox 360
		{899EE208-B3C5-48B6-84F6-A61A25B19F14}.Debug|Win32.ActiveCfg = Debug|Win32
		{899EE208-B3C5-48B6-84F6-A61A25B19F14}.Debug|Win32.Build.0 = Debug|Win32
		{899EE208-B3C5-48B6-84F6-A61A25B19F14}.Debug|Xbox 360.ActiveCfg = Debug|Xbox 360
		{899EE208-B3C5-48B6-84F6-A61A25B19F14}.Debug|Xbox 360.Build.0 = Debug|Xbox 360
		{899EE208-B3C5-48B6-84F6-A61A25B19F14}.Profile|Win32.ActiveCfg = Profile|Win32
		{899EE208-B3C5-48B6-84F6-A61A25B19F14}.Profile|Win32.Build.0 = Profile|Win32
		{899EE208-B3C5-48B6-84F6-A61A25B19F14}.Profile|Xbox 360.ActiveCfg = Profile|Xbox 360
		{899EE208-B3C5-48B6-84F6-A61A25B19F14}.Profile|Xbox 360.Build.0 = Profile|Xbox 360
		{899EE208-B3C5-48B6-84F6-A61A25B19F14}.Release|Win32.ActiveCfg = Release|Win32
		{899EE208-B3C5-48B6-84F6-A61A25B19F14}.Release|Win32.Build.0 = Release|Win32
		{899EE208-B3C5-48B6-84F6-A61A25B19F14}.Release|Xbox 360.ActiveCfg = Release|Xbox 360
		{899EE208-B3C5-48B6-84F6-A61A25B19F14}.Release|Xbox 360.Build.0 = Release|Xbox 360
		{ED8D26F6-4387-4765-9C4D-B4902CEAFF6D}.Debug|Win32.ActiveCfg = Debug|Win32
		{ED8D26F6-4387-4765-9C4D-B4902CEAFF6D}.Debug|Win32.Build.0 = Debug|Win32
		{ED8D26F6-4387-4765-9C4D-B4902CEAFF6D}.Debug|Xbox 360.ActiveCfg = Debug|Xbox 360
		{ED8D26F6-4387-4765-9C4D-B4902CEAFF6D}.Debug|Xbox 360.Build.0 = Debug|Xbox 360
		{ED8D26F6-4387-4765-9C4D-B4902CEAFF6D}.Profile|Win32.ActiveCfg = Profile|Win32
		{ED8D26F6-4387-4765-9C4D-B4902CEAFF6D}.Profile|Win32.Build.0 = Profile|Win32
		{ED8D26F6-4387-4765-9C4D-B4902CEAFF6D}.Profile|Xbox 360.ActiveCfg = Profile|Xbox 360
		{ED8D26F6-4387-4765-9C4D-B4902CEAFF6D}.Profile|Xbox 360.Build.0 = Profile|Xbox 360
		{ED8D26F6-4387-4765-9C4D-B4902CEAFF6D}.Release|Win32.ActiveCfg = Release|Win32
		{ED8D26F6-4387-4765-9C4D-B4902CEAFF6D}.Release|Win32.Build.0 = Release|Win32
		{ED8D26F6-4387-4765-9C4D-B4902CEAFF6D}.Release|Xbox 360.ActiveCfg = Release|Xbox 360
		{ED8D26F6-4387-4765-9C4D-B4902CEAFF6D}.Release|Xbox 360.Build.0 = Release|Xbox 360
		{408B5068-203F-48C8-B2F5-16DA35C8CF28}.Debug|Win32.ActiveCfg = Debug|Win32
		{408B5068-203F-48C8-B2F5-16DA35C8CF28}.Debug|Win32.Build.0 = Debug|Win32
		{408B5068-203F-48C8-B2F5-16DA35C8CF28}.Debug|Xbox 360.ActiveCfg = Debug|Xbox 360
		{408B5068-203F-48C8-B2F5-16DA35C8CF28}.Debug|Xbox 360.Build.0 = Debug|Xbox 360
		{408B5068-203F-48C8-B2F5-16DA35C8CF28}.Profile|Win32.ActiveCfg = Profile|Win32
		{408B5068-203F-48C8-B2F5-16DA35C8CF28}.Profile|Win32.Build.0 = Profile|Win32
		{408B5068-203F-48C8-B2F5-16DA35C8CF28}.Profile|Xbox 360.ActiveCfg = Profile|Xbox 360
		{408B5068-203F-48C8-B2F5-16DA35C8CF28}.Profile|Xbox 360.Build.0 = Profile|Xbox 360
		{408B5068-203F-48C8-B2F5-16DA35C8CF28}.Release|Win32.ActiveCfg = Release|Win32
		{408B5068-203F-48C8-B2F5-16DA35C8CF28}.Release|Win32.Build.0 = Release|Win32
		{408B5068-203F-48C8-B2F5-16DA35C8CF28}.Release|Xbox 360.ActiveCfg = Release|Xbox 360
		{408B5068-203F-48C8-B2F5-16DA35C8CF28}.Release|Xbox 360.Build.0 = Release|Xbox 360
		{0FE8354B-0820-42B9-A03A-631E709D5897}.Debug|Win32.ActiveCfg = Debug|Win32
		{0FE8354B-0820-42B9-A03A-631E709D5897}.Debug|Win32.Build.0 = Debug|Win32
		{0FE8354B-0820-42B9-A03A-631E709D5897}.Debug|Xbox 360.ActiveCfg = Debug|Xbox 360
		{0FE8354B-0820-42B9-A03A-631E709D5897}.Debug|Xbox 360.Build.0 = Debug|Xbox 360
		{0FE8354B-0820-42B9-A03A-631E709D5897}.Profile|Win32.ActiveCfg = Profile|Win32
		{0FE8354B-0820-42B9-A03A-631E709D5897}.Profile|Win32.Build.0 = Profile|Win32
		{0FE8354B-0820-42B9-A03A-631E709D5897}.Profile|Xbox 360.ActiveCfg = Profile|Xbox 360
		{0FE8354B-0820-42B9-A03A-631E709D5897}.Profile|Xbox 360.Build.0 = Profile|Xbox 360
		{0FE8354B-0820-42B9-A03A-631E709D5897}.Release|Win32.ActiveCfg = Release|Win32
		{0FE8354B-0820-42B9-A03A-631E709D5897}.Release|Win32.Build.0 = Release|Win32
		{0FE8354B-0820-42B9-A03A-631E709D5897}.Release|Xbox 360.ActiveCfg = Release|Xbox 360
		{0FE8354B-0820-42B9-A03A-631E709D5897}.Release|Xbox 360.Build.0 = Release|Xbox 360
		{BC049E31-C44E-4B79-B585-051E1D0A51ED}.Debug|Win32.ActiveCfg = Debug|Win32
		{BC049E31-C44E-4B79-B585-051E1D0A51ED}.Debug|Win32.Build.0 = Debug|Win32
		{BC049E31-C44E-4B79-B585-051E1D0A51ED}.Debug|Xbox 360.ActiveCfg = Debug|Xbox 360
		{BC049E31-C44E-4B79-B585-051E1D0A51ED}.Debug|Xbox 360.Build.0 = Debug|Xbox 360
		{BC049E31-C44E-4B79-B585-051E1D0A51ED}.Profile|Win32.ActiveCfg = Profile|Win32
		{BC049E31-C44E-4B79-B585-051E1D0A51ED}.Profile|Win32.Build.0 = Profile|Win32
		{BC049E31-C44E-4B79-B585-051E1D0A51ED}.Profile|Xbox 360.ActiveCfg = Profile|Xbox 360
		{BC049E31-C44E-4B79-B585-051E1D0A51ED}.Profile|Xbox 360.Build.0 = Profile|Xbox 360
		{BC049E31-C44E-4B79-B585-051E1D0A51ED}.Release|Win32.ActiveCfg = Release|Win32
		{BC049E31-C44E-4B79-B585-051E1D0A51ED}.Release|Win32.Build.0 = Release|Win32
		{BC049E31-C44E-4B79-B585-051E1D0A51ED}.Release|Xbox 360.ActiveCfg = Release|Xbox 360
		{BC049E31-C44E-4B79-B585-051E1D0A51ED}.Release|Xbox 360.Build.0 = Release|Xbox 360
		{772DE8EF-9149-4482-9163-9F62AB90843E}.Debug|Win32.ActiveCfg = Debug|Win32
		{772DE8EF-9149-4482-9163-9F62AB90843E}.Debug|Win32.Build.0 = Debug|Win32
		{772DE8EF-9149-4482-9163-9F62AB90843E}.Debug|Xbox 360.ActiveCfg = Debug|Xbox 360
		{772DE8EF-9149-4482-9163-9F62AB90843E}.Debug|Xbox 360.Build.0 = Debug|Xbox 360
		{772DE8EF-9149-4482-9163-9F62AB90843E}.Profile|Win32.ActiveCfg = Profile|Win32
		{772DE8EF-9149-4482-9163-9F62AB90843E}.Profile|Win32.Build.0 = Profile|Win32
		{772DE8EF-9149-4482-9163-9F62AB90843E}.Profile|Xbox 360.ActiveCfg = Profile|Xbox 360
		{772DE8EF-9149-4482-9163-9F62AB90843E}.Profile|Xbox 360.Build.0 = Profile|Xbox 360
		{772DE8EF-9149-4482-9163-9F62AB90843E}.Release|Win32.ActiveCfg = Release|Win32
		{772DE8EF-9149-4482-9163-9F62AB90843E}.Release|Win32.Build.0 = Release|Win32
		{772DE8EF-9149-4482-9163-9F62AB90843E}.Release|Xbox 360.ActiveCfg = Release|Xbox 360
		{772DE8EF-9149-4482-9163-9F62AB90843E}.Release|Xbox 360.Build.0 = Release|Xbox 360
		{84EDD4F2-BC26-DECA-DECA-DECAD36F62A1}.Debug|Win32.ActiveCfg = Debug|Win32
		{84EDD4F2-BC26-DECA-DECA-DECAD36F62A1}.Debug|Win32.Build.0 = Debug|Win32
		{84EDD4F2-BC26-DECA-DECA-DECAD36F62A1}.Debug|Xbox 360.ActiveCfg = Debug|Xbox 360
		{84EDD4F2-BC26-DECA-DECA-DECAD36F62A1}.Debug|Xbox 360.Build.0 = Debug|Xbox 360
		{84EDD4F2-BC26-DECA-DECA-DECAD36F62A1}.Profile|Win32.ActiveCfg = Profile|Win32
		{84EDD4F2-BC26-DECA-DECA-DECAD36F62A1}.Profile|Win32.Build.0 = Profile|Win32
		{84EDD4F2-BC26-DECA-DECA-DECAD36F62A1}.Profile|Xbox 360.ActiveCfg = Profile|Xbox 360
		{84EDD4F2-BC26-DECA-DECA-DECAD36F62A1}.Profile|Xbox 360.Build.0 = Profile|Xbox 360
		{84EDD4F2-BC26-DECA-DECA-DECAD36F62A1}.Release|Win32.ActiveCfg = Release|Win32
		{84EDD4F2-BC26-DECA-DECA-DECAD36F62A1}.Release|Win32.Build.0 = Release|Win32
		{84EDD4F2-BC26-DECA-DECA-DECAD36F62A1}.Release|Xbox 360.ActiveCfg = Release|Xbox 360
		{84EDD4F2-BC26-DECA-DECA-DECAD36F62A1}.Release|Xbox 360.Build.0 = Release|Xbox 360
		{3E5D97B1-33EC-4517-B19C-B9C942B7AB8D}.Debug|Win32.ActiveCfg = Debug|Win32
		{3E5D97B1-33EC-4517-B19C-B9C942B7AB8D}.Debug|Win32.Build.0 = Debug|Win32
		{3E5D97B1-33EC-4517-B19C-B9C942B7AB8D}.Debug|Xbox 360.ActiveCfg = Debug|Xbox 360
		{3E5D97B1-33EC-4517-B19C-B9C942B7AB8D}.Debug|Xbox 360.Build.0 = Debug|Xbox 360
		{3E5D97B1-33EC-4517-B19C-B9C942B7AB8D}.Profile|Win32.ActiveCfg = Profile|Win32
		{3E5D97B1-33EC-4517-B19C-B9C942B7AB8D}.Profile|Win32.Build.0 = Profile|Win32
		{3E5D97B1-33EC-4517-B19C-B9C942B7AB8D}.Profile|Xbox 360.ActiveCfg = Profile|Xbox 360
		{3E5D97B1-33EC-4517-B19C-B9C942B7AB8D}.Profile|Xbox 360.Build.0 = Profile|Xbox 360
		{3E5D97B1-33EC-4517-B19C-B9C942B7AB8D}.Release|Win32.ActiveCfg = Release|Win32
		{3E5D97B1-33EC-4517-B19C-B9C942B7AB8D}.Release|Win32.Build.0 = Release|Win32
		{3E5D97B1-33EC-4517-B19C-B9C942B7AB8D}.Release|Xbox 360.ActiveCfg = Release|Xbox 360
		{3E5D97B1-33EC-4517-B19C-B9C942B7AB8D}.Release|Xbox 360.Build.0 = Release|Xbox 360
		{D0F92E94-8B0A-4990-B59A-F21831F0EA39}.Debug|Win32.ActiveCfg = Debug|Win32
		{D0F92E94-8B0A-4990-B59A-F21831F0EA39}.Debug|Win32.Build.0 = Debug|Win32
		{D0F92E94-8B0A-4990-B59A-F21831F0EA39}.Debug|Xbox 360.ActiveCfg = Debug|Xbox 360
		{D0F92E94-8B0A-4990-B59A-F21831F0EA39}.Debug|Xbox 360.Build.0 = Debug|Xbox 360
		{D0F92E94-8B0A-4990-B59A-F21831F0EA39}.Profile|Win32.ActiveCfg = Profile|Win32
		{D0F92E94-8B0A-4990-B59A-F21831F0EA39}.Profile|Win32.Build.0 = Profile|Win32
		{D0F92E94-8B0A-4990-B59A-F21831F0EA39}.Profile|Xbox 360.ActiveCfg = Profile|Xbox 360
		{D0F92E94-8B0A-4990-B59A-F21831F0EA39}.Profile|Xbox 360.Build.0 = Profile|Xbox 360
		{D0F92E94-8B0A-4990-B59A-F21831F0EA39}.Release|Win32.ActiveCfg = Release|Win32
		{D0F92E94-8B0A-4990-B59A-F21831F0EA39}.Release|Win32.Build.0 = Release|Win32
		{D0F92E94-8B0A-4990-B59A-F21831F0EA39}.Release|Xbox 360.ActiveCfg = Release|Xbox 360
		{D0F92E94-8B0A-4990-B59A-F21831F0EA39}.Release|Xbox 360.Build.0 = Release|Xbox 360
		{FFE09FB5-90CB-49AA-B355-59E889C85C26}.Debug|Win32.ActiveCfg = Debug|Win32
		{FFE09FB5-90CB-49AA-B355-59E889C85C26}.Debug|Win32.Build.0 = Debug|Win32
		{FFE09FB5-90CB-49AA-B355-59E889C85C26}.Debug|Xbox 360.ActiveCfg = Debug|Xbox 360
		{FFE09FB5-90CB-49AA-B355-59E889C85C26}.Debug|Xbox 360.Build.0 = Debug|Xbox 360
		{FFE09FB5-90CB-49AA-B355-59E889C85C26}.Profile|Win32.ActiveCfg = Profile|Win32
		{FFE09FB5-90CB-49AA-B355-59E889C85C26}.Profile|Win32.Build.0 = Profile|Win32
		{FFE09FB5-90CB-49AA-B355-59E889C85C26}.Profile|Xbox 360.ActiveCfg = Profile|Xbox 360
		{FFE09FB5-90CB-49AA-B355-59E889C85C26}.Profile|Xbox 360.Build.0 = Profile|Xbox 360
		{FFE09FB5-90CB-49AA-B355-59E889C85C26}.Release|Win32.ActiveCfg = Release|Win32
		{FFE09FB5-90CB-49AA-B355-59E889C85C26}.Release|Win32.Build.0 = Release|Win32
		{FFE09FB5-90CB-49AA-B355-59E889C85C26}.Release|Xbox 360.ActiveCfg = Release|Xbox 360
		{FFE09FB5-90CB-49AA-B355-59E889C85C26}.Release|Xbox 360.Build.0 = Release|Xbox 360
		{8B918049-1117-403D-ACF4-E1C1D72060E6}.Debug|Win32.ActiveCfg = Debug|Win32
		{8B918049-1117-403D-ACF4-E1C1D72060E6}.Debug|Win32.Build.0 = Debug|Win32
		{8B918049-1117-403D-ACF4-E1C1D72060E6}.Debug|Xbox 360.ActiveCfg = Debug|Xbox 360
		{8B918049-1117-403D-ACF4-E1C1D72060E6}.Debug|Xbox 360.Build.0 = Debug|Xbox 360
		{8B918049-1117-403D-ACF4-E1C1D72060E6}.Profile|Win32.ActiveCfg = Profile|Win32
		{8B918049-1117-403D-ACF4-E1C1D72060E6}.Profile|Win32.Build.0 = Profile|Win32
		{8B918049-1117-403D-ACF4-E1C1D72060E6}.Profile|Xbox 360.ActiveCfg = Profile|Xbox 360
		{8B918049-1117-403D-ACF4-E1C1D72060E6}.Profile|Xbox 360.Build.0 = Profile|Xbox 360
		{8B918049-1117-403D-ACF4-E1C1D72060E6}.Release|Win32.ActiveCfg = Release|Win32
		{8B918049-1117-403D-ACF4-E1C1D72060E6}.Release|Win32.Build.0 = Release|Win32
		{8B918049-1117-403D-ACF4-E1C1D72060E6}.Release|Xbox 360.ActiveCfg = Release|Xbox 360
		{8B918049-1117-403D-ACF4-E1C1D72060E6}.Release|Xbox 360.Build.0 = Release|Xbox 360
		{846AFDAF-2977-407D-B185-DDCF1F8A2F2D}.Debug|Win32.ActiveCfg = Debug|Win32
		{846AFDAF-2977-407D-B185-DDCF1F8A2F2D}.Debug|Win32.Build.0 = Debug|Win32
		{846AFDAF-2977-407D-B185-DDCF1F8A2F2D}.Debug|Xbox 360.ActiveCfg = Debug|Xbox 360
		{846AFDAF-2977-407D-B185-DDCF1F8A2F2D}.Debug|Xbox 360.Build.0 = Debug|Xbox 360
		{846AFDAF-2977-407D-B185-DDCF1F8A2F2D}.Profile|Win32.ActiveCfg = Profile|Win32
		{846AFDAF-2977-407D-B185-DDCF1F8A2F2D}.Profile|Win32.Build.0 = Profile|Win32
		{846AFDAF-2977-407D-B185-DDCF1F8A2F2D}.Profile|Xbox 360.ActiveCfg = Profile|Xbox 360
		{846AFDAF-2977-407D-B185-DDCF1F8A2F2D}.Profile|Xbox 360.Build.0 = Profile|Xbox 360
		{846AFDAF-2977-407D-B185-DDCF1F8A2F2D}.Release|Win32.ActiveCfg = Release|Win32
		{846AFDAF-2977-407D-B185-DDCF1F8A2F2D}.Release|Win32.Build.0 = Release|Win32
		{846AFDAF-2977-407D-B185-DDCF1F8A2F2D}.Release|Xbox 360.ActiveCfg = Release|Xbox 360
		{846AFDAF-2977-407D-B185-DDCF1F8A2F2D}.Release|Xbox 360.Build.0 = Release|Xbox 360
		{ED8F10A6-4B83-494E-9C1D-B6915CA8F66C}.Debug|Win32.ActiveCfg = Debug|Win32
		{ED8F10A6-4B83-494E-9C1D-B6915CA8F66C}.Debug|Win32.Build.0 = Debug|Win32
		{ED8F10A6-4B83-494E-9C1D-B6915CA8F66C}.Debug|Xbox 360.ActiveCfg = Debug|Xbox 360
		{ED8F10A6-4B83-494E-9C1D-B6915CA8F66C}.Debug|Xbox 360.Build.0 = Debug|Xbox 360
		{ED8F10A6-4B83-494E-9C1D-B6915CA8F66C}.Profile|Win32.ActiveCfg = Profile|Win32
		{ED8F10A6-4B83-494E-9C1D-B6915CA8F66C}.Profile|Win32.Build.0 = Profile|Win32
		{ED8F10A6-4B83-494E-9C1D-B6915CA8F66C}.Profile|Xbox 360.ActiveCfg = Profile|Xbox 360
		{ED8F10A6-4B83-494E-9C1D-B6915CA8F66C}.Profile|Xbox 360.Build.0 = Profile|Xbox 360
		{ED8F10A6-4B83-494E-9C1D-B6915CA8F66C}.Release|Win32.ActiveCfg = Release|Win32
		{ED8F10A6-4B83-494E-9C1D-B6915CA8F66C}.Release|Win32.Build.0 = Release|Win32
		{ED8F10A6-4B83-494E-9C1D-B6915CA8F66C}.Release|Xbox 360.ActiveCfg = Release|Xbox 360
		{ED8F10A6-4B83-494E-9C1D-B6915CA8F66C}.Release|Xbox 360.Build.0 = Release|Xbox 360
		{B889A394-763E-4279-8C6A-03D1E65BF17C}.Debug|Win32.ActiveCfg = Debug|Win32
		{B889A394-763E-4279-8C6A-03D1E65BF17C}.Debug|Win32.Build.0 = Debug|Win32
		{B889A394-763E-4279-8C6A-03D1E65BF17C}.Debug|Xbox 360.ActiveCfg = Debug|Win32
		{B889A394-763E-4279-8C6A-03D1E65BF17C}.Profile|Win32.ActiveCfg = Profile|Win32
		{B889A394-763E-4279-8C6A-03D1E65BF17C}.Profile|Win32.Build.0 = Profile|Win32
		{B889A394-763E-4279-8C6A-03D1E65BF17C}.Profile|Xbox 360.ActiveCfg = Profile|Win32
		{B889A394-763E-4279-8C6A-03D1E65BF17C}.Release|Win32.ActiveCfg = Release|Win32
		{B889A394-763E-4279-8C6A-03D1E65BF17C}.Release|Win32.Build.0 = Release|Win32
		{B889A394-763E-4279-8C6A-03D1E65BF17C}.Release|Xbox 360.ActiveCfg = Release|Win32
		{8FC972C4-52FF-4C8A-941B-E6459C43B289}.Debug|Win32.ActiveCfg = Debug|Win32
		{8FC972C4-52FF-4C8A-941B-E6459C43B289}.Debug|Win32.Build.0 = Debug|Win32
		{8FC972C4-52FF-4C8A-941B-E6459C43B289}.Debug|Xbox 360.ActiveCfg = Debug|Xbox 360
		{8FC972C4-52FF-4C8A-941B-E6459C43B289}.Debug|Xbox 360.Build.0 = Debug|Xbox 360
		{8FC972C4-52FF-4C8A-941B-E6459C43B289}.Profile|Win32.ActiveCfg = Profile|Win32
		{8FC972C4-52FF-4C8A-941B-E6459C43B289}.Profile|Win32.Build.0 = Profile|Win32
		{8FC972C4-52FF-4C8A-941B-E6459C43B289}.Profile|Xbox 360.ActiveCfg = Profile|Xbox 360
		{8FC972C4-52FF-4C8A-941B-E6459C43B289}.Profile|Xbox 360.Build.0 = Profile|Xbox 360
		{8FC972C4-52FF-4C8A-941B-E6459C43B289}.Release|Win32.ActiveCfg = Release|Win32
		{8FC972C4-52FF-4C8A-941B-E6459C43B289}.Release|Win32.Build.0 = Release|Win32
		{8FC972C4-52FF-4C8A-941B-E6459C43B289}.Release|Xbox 360.ActiveCfg = Release|Xbox 360
		{8FC972C4-52FF-4C8A-941B-E6459C43B289}.Release|Xbox 360.Build.0 = Release|Xbox 360
		{219AF67C-D772-41EA-AA47-FEB4E6A1DA11}.Debug|Win32.ActiveCfg = Debug|Win32
		{219AF67C-D772-41EA-AA47-FEB4E6A1DA11}.Debug|Win32.Build.0 = Debug|Win32
		{219AF67C-D772-41EA-AA47-FEB4E6A1DA11}.Debug|Xbox 360.ActiveCfg = Debug|Win32
		{219AF67C-D772-41EA-AA47-FEB4E6A1DA11}.Profile|Win32.ActiveCfg = Profile|Win32
		{219AF67C-D772-41EA-AA47-FEB4E6A1DA11}.Profile|Win32.Build.0 = Profile|Win32
		{219AF67C-D772-41EA-AA47-FEB4E6A1DA11}.Profile|Xbox 360.ActiveCfg = Profile|Win32
		{219AF67C-D772-41EA-AA47-FEB4E6A1DA11}.Release|Win32.ActiveCfg = Release|Win32
		{219AF67C-D772-41EA-AA47-FEB4E6A1DA11}.Release|Win32.Build.0 = Release|Win32
		{219AF67C-D772-41EA-AA47-FEB4E6A1DA11}.Release|Xbox 360.ActiveCfg = Release|Win32
	EndGlobalSection
	GlobalSection(SolutionProperties) = preSolution
		HideSolutionNode = FALSE
	EndGlobalSection
EndGlobal
